// !$*UTF8*$!
{
	archiveVersion = 1;
	classes = {
	};
	objectVersion = 56;
	objects = {

/* Begin PBXBuildFile section */
		313002A32CCDC5B000D02A88 /* StepTime.swift in Sources */ = {isa = PBXBuildFile; fileRef = 313002A22CCDC5B000D02A88 /* StepTime.swift */; };
		31C97E612B755C2B00A69DF7 /* iCookingApp.swift in Sources */ = {isa = PBXBuildFile; fileRef = 31C97E602B755C2B00A69DF7 /* iCookingApp.swift */; };
		31C97E632B755C2B00A69DF7 /* ContentView.swift in Sources */ = {isa = PBXBuildFile; fileRef = 31C97E622B755C2B00A69DF7 /* ContentView.swift */; };
		31C97E652B755C2B00A69DF7 /* Item.swift in Sources */ = {isa = PBXBuildFile; fileRef = 31C97E642B755C2B00A69DF7 /* Item.swift */; };
		31C97E672B755C2C00A69DF7 /* Assets.xcassets in Resources */ = {isa = PBXBuildFile; fileRef = 31C97E662B755C2C00A69DF7 /* Assets.xcassets */; };
		31C97E6A2B755C2C00A69DF7 /* Preview Assets.xcassets in Resources */ = {isa = PBXBuildFile; fileRef = 31C97E692B755C2C00A69DF7 /* Preview Assets.xcassets */; };
		31C97E792B755E2D00A69DF7 /* RecipesViewModel.swift in Sources */ = {isa = PBXBuildFile; fileRef = 31C97E702B755E2D00A69DF7 /* RecipesViewModel.swift */; };
		31C97E7A2B755E2D00A69DF7 /* MyIngredientsView.swift in Sources */ = {isa = PBXBuildFile; fileRef = 31C97E712B755E2D00A69DF7 /* MyIngredientsView.swift */; };
		31C97E7B2B755E2D00A69DF7 /* TimerView.swift in Sources */ = {isa = PBXBuildFile; fileRef = 31C97E722B755E2D00A69DF7 /* TimerView.swift */; };
		31C97E7C2B755E2D00A69DF7 /* RecipeDetailView.swift in Sources */ = {isa = PBXBuildFile; fileRef = 31C97E732B755E2D00A69DF7 /* RecipeDetailView.swift */; };
		31C97E7D2B755E2D00A69DF7 /* AddFavoriteView.swift in Sources */ = {isa = PBXBuildFile; fileRef = 31C97E742B755E2D00A69DF7 /* AddFavoriteView.swift */; };
		31C97E7E2B755E2D00A69DF7 /* FavoritesViewModel.swift in Sources */ = {isa = PBXBuildFile; fileRef = 31C97E752B755E2D00A69DF7 /* FavoritesViewModel.swift */; };
		31C97E7F2B755E2D00A69DF7 /* RecipesLibraryView.swift in Sources */ = {isa = PBXBuildFile; fileRef = 31C97E762B755E2D00A69DF7 /* RecipesLibraryView.swift */; };
		31C97E802B755E2D00A69DF7 /* IngredientsViewModel.swift in Sources */ = {isa = PBXBuildFile; fileRef = 31C97E772B755E2D00A69DF7 /* IngredientsViewModel.swift */; };
		31C97E812B755E2D00A69DF7 /* OverviewView.swift in Sources */ = {isa = PBXBuildFile; fileRef = 31C97E782B755E2D00A69DF7 /* OverviewView.swift */; };
		31C97E8A2B755EE200A69DF7 /* Recipe.swift in Sources */ = {isa = PBXBuildFile; fileRef = 31C97E862B755EE200A69DF7 /* Recipe.swift */; };
		31C97E8B2B755EE200A69DF7 /* Ingredient.swift in Sources */ = {isa = PBXBuildFile; fileRef = 31C97E872B755EE200A69DF7 /* Ingredient.swift */; };
		31C97E8C2B755EE200A69DF7 /* Favorite.swift in Sources */ = {isa = PBXBuildFile; fileRef = 31C97E882B755EE200A69DF7 /* Favorite.swift */; };
		31C97E8D2B755EE200A69DF7 /* Category.swift in Sources */ = {isa = PBXBuildFile; fileRef = 31C97E892B755EE200A69DF7 /* Category.swift */; };
		31E4D1482B7AACA000BA7966 /* RecipeStep.swift in Sources */ = {isa = PBXBuildFile; fileRef = 31E4D1472B7AACA000BA7966 /* RecipeStep.swift */; };
/* End PBXBuildFile section */

/* Begin PBXFileReference section */
		313002A22CCDC5B000D02A88 /* StepTime.swift */ = {isa = PBXFileReference; lastKnownFileType = sourcecode.swift; name = StepTime.swift; path = /Users/zhanzihao/Documents/StepTime.swift; sourceTree = "<absolute>"; };
		31C97E5D2B755C2B00A69DF7 /* iCooking.app */ = {isa = PBXFileReference; explicitFileType = wrapper.application; includeInIndex = 0; path = iCooking.app; sourceTree = BUILT_PRODUCTS_DIR; };
		31C97E602B755C2B00A69DF7 /* iCookingApp.swift */ = {isa = PBXFileReference; lastKnownFileType = sourcecode.swift; path = iCookingApp.swift; sourceTree = "<group>"; };
		31C97E622B755C2B00A69DF7 /* ContentView.swift */ = {isa = PBXFileReference; lastKnownFileType = sourcecode.swift; path = ContentView.swift; sourceTree = "<group>"; };
		31C97E642B755C2B00A69DF7 /* Item.swift */ = {isa = PBXFileReference; lastKnownFileType = sourcecode.swift; path = Item.swift; sourceTree = "<group>"; };
		31C97E662B755C2C00A69DF7 /* Assets.xcassets */ = {isa = PBXFileReference; lastKnownFileType = folder.assetcatalog; path = Assets.xcassets; sourceTree = "<group>"; };
		31C97E692B755C2C00A69DF7 /* Preview Assets.xcassets */ = {isa = PBXFileReference; lastKnownFileType = folder.assetcatalog; path = "Preview Assets.xcassets"; sourceTree = "<group>"; };
		31C97E702B755E2D00A69DF7 /* RecipesViewModel.swift */ = {isa = PBXFileReference; fileEncoding = 4; lastKnownFileType = sourcecode.swift; path = RecipesViewModel.swift; sourceTree = "<group>"; };
		31C97E712B755E2D00A69DF7 /* MyIngredientsView.swift */ = {isa = PBXFileReference; fileEncoding = 4; lastKnownFileType = sourcecode.swift; path = MyIngredientsView.swift; sourceTree = "<group>"; };
		31C97E722B755E2D00A69DF7 /* TimerView.swift */ = {isa = PBXFileReference; fileEncoding = 4; lastKnownFileType = sourcecode.swift; path = TimerView.swift; sourceTree = "<group>"; };
		31C97E732B755E2D00A69DF7 /* RecipeDetailView.swift */ = {isa = PBXFileReference; fileEncoding = 4; lastKnownFileType = sourcecode.swift; path = RecipeDetailView.swift; sourceTree = "<group>"; };
		31C97E742B755E2D00A69DF7 /* AddFavoriteView.swift */ = {isa = PBXFileReference; fileEncoding = 4; lastKnownFileType = sourcecode.swift; path = AddFavoriteView.swift; sourceTree = "<group>"; };
		31C97E752B755E2D00A69DF7 /* FavoritesViewModel.swift */ = {isa = PBXFileReference; fileEncoding = 4; lastKnownFileType = sourcecode.swift; path = FavoritesViewModel.swift; sourceTree = "<group>"; };
		31C97E762B755E2D00A69DF7 /* RecipesLibraryView.swift */ = {isa = PBXFileReference; fileEncoding = 4; lastKnownFileType = sourcecode.swift; path = RecipesLibraryView.swift; sourceTree = "<group>"; };
		31C97E772B755E2D00A69DF7 /* IngredientsViewModel.swift */ = {isa = PBXFileReference; fileEncoding = 4; lastKnownFileType = sourcecode.swift; path = IngredientsViewModel.swift; sourceTree = "<group>"; };
		31C97E782B755E2D00A69DF7 /* OverviewView.swift */ = {isa = PBXFileReference; fileEncoding = 4; lastKnownFileType = sourcecode.swift; path = OverviewView.swift; sourceTree = "<group>"; };
		31C97E862B755EE200A69DF7 /* Recipe.swift */ = {isa = PBXFileReference; fileEncoding = 4; lastKnownFileType = sourcecode.swift; path = Recipe.swift; sourceTree = "<group>"; };
		31C97E872B755EE200A69DF7 /* Ingredient.swift */ = {isa = PBXFileReference; fileEncoding = 4; lastKnownFileType = sourcecode.swift; path = Ingredient.swift; sourceTree = "<group>"; };
		31C97E882B755EE200A69DF7 /* Favorite.swift */ = {isa = PBXFileReference; fileEncoding = 4; lastKnownFileType = sourcecode.swift; path = Favorite.swift; sourceTree = "<group>"; };
		31C97E892B755EE200A69DF7 /* Category.swift */ = {isa = PBXFileReference; fileEncoding = 4; lastKnownFileType = sourcecode.swift; path = Category.swift; sourceTree = "<group>"; };
		31E4D1472B7AACA000BA7966 /* RecipeStep.swift */ = {isa = PBXFileReference; lastKnownFileType = sourcecode.swift; path = RecipeStep.swift; sourceTree = "<group>"; };
/* End PBXFileReference section */

/* Begin PBXFrameworksBuildPhase section */
		31C97E5A2B755C2B00A69DF7 /* Frameworks */ = {
			isa = PBXFrameworksBuildPhase;
			buildActionMask = 2147483647;
			files = (
			);
			runOnlyForDeploymentPostprocessing = 0;
		};
/* End PBXFrameworksBuildPhase section */

/* Begin PBXGroup section */
		310772BC2CD0785600DD774E /* RecipeComponents */ = {
			isa = PBXGroup;
			children = (
				31C97E732B755E2D00A69DF7 /* RecipeDetailView.swift */,
			);
			path = RecipeComponents;
			sourceTree = "<group>";
		};
		31C97E542B755C2B00A69DF7 = {
			isa = PBXGroup;
			children = (
				31C97E5F2B755C2B00A69DF7 /* iCooking */,
				31C97E5E2B755C2B00A69DF7 /* Products */,
			);
			sourceTree = "<group>";
		};
		31C97E5E2B755C2B00A69DF7 /* Products */ = {
			isa = PBXGroup;
			children = (
				31C97E5D2B755C2B00A69DF7 /* iCooking.app */,
			);
			name = Products;
			sourceTree = "<group>";
		};
		31C97E5F2B755C2B00A69DF7 /* iCooking */ = {
			isa = PBXGroup;
			children = (
				31C97E842B755E4700A69DF7 /* Model */,
				31C97E832B755E3E00A69DF7 /* ViewModel */,
				31C97E822B755E3700A69DF7 /* View */,
				31C97E602B755C2B00A69DF7 /* iCookingApp.swift */,
				31C97E642B755C2B00A69DF7 /* Item.swift */,
				31C97E662B755C2C00A69DF7 /* Assets.xcassets */,
				31C97E682B755C2C00A69DF7 /* Preview Content */,
			);
			path = iCooking;
			sourceTree = "<group>";
		};
		31C97E682B755C2C00A69DF7 /* Preview Content */ = {
			isa = PBXGroup;
			children = (
				31C97E692B755C2C00A69DF7 /* Preview Assets.xcassets */,
			);
			path = "Preview Content";
			sourceTree = "<group>";
		};
		31C97E822B755E3700A69DF7 /* View */ = {
			isa = PBXGroup;
			children = (
				310772BC2CD0785600DD774E /* RecipeComponents */,
				31C97E852B755E8400A69DF7 /* SiderBarView */,
				31C97E622B755C2B00A69DF7 /* ContentView.swift */,
				31C97E742B755E2D00A69DF7 /* AddFavoriteView.swift */,
			);
			path = View;
			sourceTree = "<group>";
		};
		31C97E832B755E3E00A69DF7 /* ViewModel */ = {
			isa = PBXGroup;
			children = (
				31C97E752B755E2D00A69DF7 /* FavoritesViewModel.swift */,
				31C97E772B755E2D00A69DF7 /* IngredientsViewModel.swift */,
				31C97E702B755E2D00A69DF7 /* RecipesViewModel.swift */,
			);
			path = ViewModel;
			sourceTree = "<group>";
		};
		31C97E842B755E4700A69DF7 /* Model */ = {
			isa = PBXGroup;
			children = (
				31E4D1462B7AAC8A00BA7966 /* RecipeModel */,
				31C97E892B755EE200A69DF7 /* Category.swift */,
				31C97E882B755EE200A69DF7 /* Favorite.swift */,
				31C97E872B755EE200A69DF7 /* Ingredient.swift */,
				31C97E862B755EE200A69DF7 /* Recipe.swift */,
			);
			path = Model;
			sourceTree = "<group>";
		};
		31C97E852B755E8400A69DF7 /* SiderBarView */ = {
			isa = PBXGroup;
			children = (
				31C97E712B755E2D00A69DF7 /* MyIngredientsView.swift */,
				31C97E782B755E2D00A69DF7 /* OverviewView.swift */,
				31C97E762B755E2D00A69DF7 /* RecipesLibraryView.swift */,
				31C97E722B755E2D00A69DF7 /* TimerView.swift */,
			);
			path = SiderBarView;
			sourceTree = "<group>";
		};
		31E4D1462B7AAC8A00BA7966 /* RecipeModel */ = {
			isa = PBXGroup;
			children = (
				31E4D1472B7AACA000BA7966 /* RecipeStep.swift */,
				313002A22CCDC5B000D02A88 /* StepTime.swift */,
			);
			path = RecipeModel;
			sourceTree = "<group>";
		};
/* End PBXGroup section */

/* Begin PBXNativeTarget section */
		31C97E5C2B755C2B00A69DF7 /* iCooking */ = {
			isa = PBXNativeTarget;
			buildConfigurationList = 31C97E6D2B755C2C00A69DF7 /* Build configuration list for PBXNativeTarget "iCooking" */;
			buildPhases = (
				31C97E592B755C2B00A69DF7 /* Sources */,
				31C97E5A2B755C2B00A69DF7 /* Frameworks */,
				31C97E5B2B755C2B00A69DF7 /* Resources */,
			);
			buildRules = (
			);
			dependencies = (
			);
			name = iCooking;
			productName = iCooking;
			productReference = 31C97E5D2B755C2B00A69DF7 /* iCooking.app */;
			productType = "com.apple.product-type.application";
		};
/* End PBXNativeTarget section */

/* Begin PBXProject section */
		31C97E552B755C2B00A69DF7 /* Project object */ = {
			isa = PBXProject;
			attributes = {
				BuildIndependentTargetsInParallel = 1;
				LastSwiftUpdateCheck = 1500;
				LastUpgradeCheck = 1500;
				TargetAttributes = {
					31C97E5C2B755C2B00A69DF7 = {
						CreatedOnToolsVersion = 15.0;
					};
				};
			};
			buildConfigurationList = 31C97E582B755C2B00A69DF7 /* Build configuration list for PBXProject "iCooking" */;
			compatibilityVersion = "Xcode 14.0";
			developmentRegion = en;
			hasScannedForEncodings = 0;
			knownRegions = (
				en,
				Base,
			);
			mainGroup = 31C97E542B755C2B00A69DF7;
			productRefGroup = 31C97E5E2B755C2B00A69DF7 /* Products */;
			projectDirPath = "";
			projectRoot = "";
			targets = (
				31C97E5C2B755C2B00A69DF7 /* iCooking */,
			);
		};
/* End PBXProject section */

/* Begin PBXResourcesBuildPhase section */
		31C97E5B2B755C2B00A69DF7 /* Resources */ = {
			isa = PBXResourcesBuildPhase;
			buildActionMask = 2147483647;
			files = (
				31C97E6A2B755C2C00A69DF7 /* Preview Assets.xcassets in Resources */,
				31C97E672B755C2C00A69DF7 /* Assets.xcassets in Resources */,
			);
			runOnlyForDeploymentPostprocessing = 0;
		};
/* End PBXResourcesBuildPhase section */

/* Begin PBXSourcesBuildPhase section */
		31C97E592B755C2B00A69DF7 /* Sources */ = {
			isa = PBXSourcesBuildPhase;
			buildActionMask = 2147483647;
			files = (
				31C97E8C2B755EE200A69DF7 /* Favorite.swift in Sources */,
				31C97E7F2B755E2D00A69DF7 /* RecipesLibraryView.swift in Sources */,
				31E4D1482B7AACA000BA7966 /* RecipeStep.swift in Sources */,
				31C97E7B2B755E2D00A69DF7 /* TimerView.swift in Sources */,
				31C97E8B2B755EE200A69DF7 /* Ingredient.swift in Sources */,
				31C97E792B755E2D00A69DF7 /* RecipesViewModel.swift in Sources */,
				313002A32CCDC5B000D02A88 /* StepTime.swift in Sources */,
				31C97E7A2B755E2D00A69DF7 /* MyIngredientsView.swift in Sources */,
				31C97E7E2B755E2D00A69DF7 /* FavoritesViewModel.swift in Sources */,
				31C97E8D2B755EE200A69DF7 /* Category.swift in Sources */,
				31C97E7C2B755E2D00A69DF7 /* RecipeDetailView.swift in Sources */,
				31C97E7D2B755E2D00A69DF7 /* AddFavoriteView.swift in Sources */,
				31C97E812B755E2D00A69DF7 /* OverviewView.swift in Sources */,
				31C97E632B755C2B00A69DF7 /* ContentView.swift in Sources */,
				31C97E652B755C2B00A69DF7 /* Item.swift in Sources */,
				31C97E8A2B755EE200A69DF7 /* Recipe.swift in Sources */,
				31C97E612B755C2B00A69DF7 /* iCookingApp.swift in Sources */,
				31C97E802B755E2D00A69DF7 /* IngredientsViewModel.swift in Sources */,
			);
			runOnlyForDeploymentPostprocessing = 0;
		};
/* End PBXSourcesBuildPhase section */

/* Begin XCBuildConfiguration section */
		31C97E6B2B755C2C00A69DF7 /* Debug */ = {
			isa = XCBuildConfiguration;
			buildSettings = {
				ALWAYS_SEARCH_USER_PATHS = NO;
				ASSETCATALOG_COMPILER_GENERATE_SWIFT_ASSET_SYMBOL_EXTENSIONS = YES;
				CLANG_ANALYZER_NONNULL = YES;
				CLANG_ANALYZER_NUMBER_OBJECT_CONVERSION = YES_AGGRESSIVE;
				CLANG_CXX_LANGUAGE_STANDARD = "gnu++20";
				CLANG_ENABLE_MODULES = YES;
				CLANG_ENABLE_OBJC_ARC = YES;
				CLANG_ENABLE_OBJC_WEAK = YES;
				CLANG_WARN_BLOCK_CAPTURE_AUTORELEASING = YES;
				CLANG_WARN_BOOL_CONVERSION = YES;
				CLANG_WARN_COMMA = YES;
				CLANG_WARN_CONSTANT_CONVERSION = YES;
				CLANG_WARN_DEPRECATED_OBJC_IMPLEMENTATIONS = YES;
				CLANG_WARN_DIRECT_OBJC_ISA_USAGE = YES_ERROR;
				CLANG_WARN_DOCUMENTATION_COMMENTS = YES;
				CLANG_WARN_EMPTY_BODY = YES;
				CLANG_WARN_ENUM_CONVERSION = YES;
				CLANG_WARN_INFINITE_RECURSION = YES;
				CLANG_WARN_INT_CONVERSION = YES;
				CLANG_WARN_NON_LITERAL_NULL_CONVERSION = YES;
				CLANG_WARN_OBJC_IMPLICIT_RETAIN_SELF = YES;
				CLANG_WARN_OBJC_LITERAL_CONVERSION = YES;
				CLANG_WARN_OBJC_ROOT_CLASS = YES_ERROR;
				CLANG_WARN_QUOTED_INCLUDE_IN_FRAMEWORK_HEADER = YES;
				CLANG_WARN_RANGE_LOOP_ANALYSIS = YES;
				CLANG_WARN_STRICT_PROTOTYPES = YES;
				CLANG_WARN_SUSPICIOUS_MOVE = YES;
				CLANG_WARN_UNGUARDED_AVAILABILITY = YES_AGGRESSIVE;
				CLANG_WARN_UNREACHABLE_CODE = YES;
				CLANG_WARN__DUPLICATE_METHOD_MATCH = YES;
				COPY_PHASE_STRIP = NO;
				DEBUG_INFORMATION_FORMAT = dwarf;
				ENABLE_STRICT_OBJC_MSGSEND = YES;
				ENABLE_TESTABILITY = YES;
				ENABLE_USER_SCRIPT_SANDBOXING = YES;
				GCC_C_LANGUAGE_STANDARD = gnu17;
				GCC_DYNAMIC_NO_PIC = NO;
				GCC_NO_COMMON_BLOCKS = YES;
				GCC_OPTIMIZATION_LEVEL = 0;
				GCC_PREPROCESSOR_DEFINITIONS = (
					"DEBUG=1",
					"$(inherited)",
				);
				GCC_WARN_64_TO_32_BIT_CONVERSION = YES;
				GCC_WARN_ABOUT_RETURN_TYPE = YES_ERROR;
				GCC_WARN_UNDECLARED_SELECTOR = YES;
				GCC_WARN_UNINITIALIZED_AUTOS = YES_AGGRESSIVE;
				GCC_WARN_UNUSED_FUNCTION = YES;
				GCC_WARN_UNUSED_VARIABLE = YES;
				IPHONEOS_DEPLOYMENT_TARGET = 17.0;
				LOCALIZATION_PREFERS_STRING_CATALOGS = YES;
				MTL_ENABLE_DEBUG_INFO = INCLUDE_SOURCE;
				MTL_FAST_MATH = YES;
				ONLY_ACTIVE_ARCH = YES;
				SDKROOT = iphoneos;
				SWIFT_ACTIVE_COMPILATION_CONDITIONS = "DEBUG $(inherited)";
				SWIFT_OPTIMIZATION_LEVEL = "-Onone";
			};
			name = Debug;
		};
		31C97E6C2B755C2C00A69DF7 /* Release */ = {
			isa = XCBuildConfiguration;
			buildSettings = {
				ALWAYS_SEARCH_USER_PATHS = NO;
				ASSETCATALOG_COMPILER_GENERATE_SWIFT_ASSET_SYMBOL_EXTENSIONS = YES;
				CLANG_ANALYZER_NONNULL = YES;
				CLANG_ANALYZER_NUMBER_OBJECT_CONVERSION = YES_AGGRESSIVE;
				CLANG_CXX_LANGUAGE_STANDARD = "gnu++20";
				CLANG_ENABLE_MODULES = YES;
				CLANG_ENABLE_OBJC_ARC = YES;
				CLANG_ENABLE_OBJC_WEAK = YES;
				CLANG_WARN_BLOCK_CAPTURE_AUTORELEASING = YES;
				CLANG_WARN_BOOL_CONVERSION = YES;
				CLANG_WARN_COMMA = YES;
				CLANG_WARN_CONSTANT_CONVERSION = YES;
				CLANG_WARN_DEPRECATED_OBJC_IMPLEMENTATIONS = YES;
				CLANG_WARN_DIRECT_OBJC_ISA_USAGE = YES_ERROR;
				CLANG_WARN_DOCUMENTATION_COMMENTS = YES;
				CLANG_WARN_EMPTY_BODY = YES;
				CLANG_WARN_ENUM_CONVERSION = YES;
				CLANG_WARN_INFINITE_RECURSION = YES;
				CLANG_WARN_INT_CONVERSION = YES;
				CLANG_WARN_NON_LITERAL_NULL_CONVERSION = YES;
				CLANG_WARN_OBJC_IMPLICIT_RETAIN_SELF = YES;
				CLANG_WARN_OBJC_LITERAL_CONVERSION = YES;
				CLANG_WARN_OBJC_ROOT_CLASS = YES_ERROR;
				CLANG_WARN_QUOTED_INCLUDE_IN_FRAMEWORK_HEADER = YES;
				CLANG_WARN_RANGE_LOOP_ANALYSIS = YES;
				CLANG_WARN_STRICT_PROTOTYPES = YES;
				CLANG_WARN_SUSPICIOUS_MOVE = YES;
				CLANG_WARN_UNGUARDED_AVAILABILITY = YES_AGGRESSIVE;
				CLANG_WARN_UNREACHABLE_CODE = YES;
				CLANG_WARN__DUPLICATE_METHOD_MATCH = YES;
				COPY_PHASE_STRIP = NO;
				DEBUG_INFORMATION_FORMAT = "dwarf-with-dsym";
				ENABLE_NS_ASSERTIONS = NO;
				ENABLE_STRICT_OBJC_MSGSEND = YES;
				ENABLE_USER_SCRIPT_SANDBOXING = YES;
				GCC_C_LANGUAGE_STANDARD = gnu17;
				GCC_NO_COMMON_BLOCKS = YES;
				GCC_WARN_64_TO_32_BIT_CONVERSION = YES;
				GCC_WARN_ABOUT_RETURN_TYPE = YES_ERROR;
				GCC_WARN_UNDECLARED_SELECTOR = YES;
				GCC_WARN_UNINITIALIZED_AUTOS = YES_AGGRESSIVE;
				GCC_WARN_UNUSED_FUNCTION = YES;
				GCC_WARN_UNUSED_VARIABLE = YES;
				IPHONEOS_DEPLOYMENT_TARGET = 17.0;
				LOCALIZATION_PREFERS_STRING_CATALOGS = YES;
				MTL_ENABLE_DEBUG_INFO = NO;
				MTL_FAST_MATH = YES;
				SDKROOT = iphoneos;
				SWIFT_COMPILATION_MODE = wholemodule;
				VALIDATE_PRODUCT = YES;
			};
			name = Release;
		};
		31C97E6E2B755C2C00A69DF7 /* Debug */ = {
			isa = XCBuildConfiguration;
			buildSettings = {
				ASSETCATALOG_COMPILER_APPICON_NAME = AppIcon;
				ASSETCATALOG_COMPILER_GLOBAL_ACCENT_COLOR_NAME = AccentColor;
				CODE_SIGN_STYLE = Automatic;
				CURRENT_PROJECT_VERSION = 1;
				DEVELOPMENT_ASSET_PATHS = "\"iCooking/Preview Content\"";
				DEVELOPMENT_TEAM = 4AA9M7PY43;
				ENABLE_PREVIEWS = YES;
				GENERATE_INFOPLIST_FILE = YES;
				INFOPLIST_KEY_UIApplicationSceneManifest_Generation = YES;
				INFOPLIST_KEY_UIApplicationSupportsIndirectInputEvents = YES;
				INFOPLIST_KEY_UILaunchScreen_Generation = YES;
				INFOPLIST_KEY_UISupportedInterfaceOrientations_iPad = "UIInterfaceOrientationPortrait UIInterfaceOrientationPortraitUpsideDown UIInterfaceOrientationLandscapeLeft UIInterfaceOrientationLandscapeRight";
				INFOPLIST_KEY_UISupportedInterfaceOrientations_iPhone = "UIInterfaceOrientationPortrait UIInterfaceOrientationLandscapeLeft UIInterfaceOrientationLandscapeRight";
				LD_RUNPATH_SEARCH_PATHS = (
					"$(inherited)",
					"@executable_path/Frameworks",
				);
				MARKETING_VERSION = 1.0;
				PRODUCT_BUNDLE_IDENTIFIER = online.edwinzhan.iCooking;
				PRODUCT_NAME = "$(TARGET_NAME)";
				SWIFT_EMIT_LOC_STRINGS = YES;
				SWIFT_VERSION = 5.0;
				TARGETED_DEVICE_FAMILY = "1,2";
			};
			name = Debug;
		};
		31C97E6F2B755C2C00A69DF7 /* Release */ = {
			isa = XCBuildConfiguration;
			buildSettings = {
				ASSETCATALOG_COMPILER_APPICON_NAME = AppIcon;
				ASSETCATALOG_COMPILER_GLOBAL_ACCENT_COLOR_NAME = AccentColor;
				CODE_SIGN_STYLE = Automatic;
				CURRENT_PROJECT_VERSION = 1;
				DEVELOPMENT_ASSET_PATHS = "\"iCooking/Preview Content\"";
				DEVELOPMENT_TEAM = 4AA9M7PY43;
				ENABLE_PREVIEWS = YES;
				GENERATE_INFOPLIST_FILE = YES;
				INFOPLIST_KEY_UIApplicationSceneManifest_Generation = YES;
				INFOPLIST_KEY_UIApplicationSupportsIndirectInputEvents = YES;
				INFOPLIST_KEY_UILaunchScreen_Generation = YES;
				INFOPLIST_KEY_UISupportedInterfaceOrientations_iPad = "UIInterfaceOrientationPortrait UIInterfaceOrientationPortraitUpsideDown UIInterfaceOrientationLandscapeLeft UIInterfaceOrientationLandscapeRight";
				INFOPLIST_KEY_UISupportedInterfaceOrientations_iPhone = "UIInterfaceOrientationPortrait UIInterfaceOrientationLandscapeLeft UIInterfaceOrientationLandscapeRight";
				LD_RUNPATH_SEARCH_PATHS = (
					"$(inherited)",
					"@executable_path/Frameworks",
				);
				MARKETING_VERSION = 1.0;
				PRODUCT_BUNDLE_IDENTIFIER = online.edwinzhan.iCooking;
				PRODUCT_NAME = "$(TARGET_NAME)";
				SWIFT_EMIT_LOC_STRINGS = YES;
				SWIFT_VERSION = 5.0;
				TARGETED_DEVICE_FAMILY = "1,2";
			};
			name = Release;
		};
/* End XCBuildConfiguration section */

/* Begin XCConfigurationList section */
		31C97E582B755C2B00A69DF7 /* Build configuration list for PBXProject "iCooking" */ = {
			isa = XCConfigurationList;
			buildConfigurations = (
				31C97E6B2B755C2C00A69DF7 /* Debug */,
				31C97E6C2B755C2C00A69DF7 /* Release */,
			);
			defaultConfigurationIsVisible = 0;
			defaultConfigurationName = Release;
		};
		31C97E6D2B755C2C00A69DF7 /* Build configuration list for PBXNativeTarget "iCooking" */ = {
			isa = XCConfigurationList;
			buildConfigurations = (
				31C97E6E2B755C2C00A69DF7 /* Debug */,
				31C97E6F2B755C2C00A69DF7 /* Release */,
			);
			defaultConfigurationIsVisible = 0;
			defaultConfigurationName = Release;
		};
/* End XCConfigurationList section */
	};
	rootObject = 31C97E552B755C2B00A69DF7 /* Project object */;
}
