// !$*UTF8*$!
{
	archiveVersion = 1;
	classes = {
	};
	objectVersion = 56;
	objects = {

/* Begin PBXBuildFile section */
		312C6B162CDC46280053EE3C /* StepFullScreenView.swift in Sources */ = {isa = PBXBuildFile; fileRef = 312C6B152CDC46180053EE3C /* StepFullScreenView.swift */; };
		3130EEF32CD5583B00B96217 /* Skill.swift in Sources */ = {isa = PBXBuildFile; fileRef = 3130EEF22CD5583B00B96217 /* Skill.swift */; };
		3130EEF72CD5589700B96217 /* SkillsLibraryView.swift in Sources */ = {isa = PBXBuildFile; fileRef = 3130EEF62CD5589700B96217 /* SkillsLibraryView.swift */; };
		314197072CD980DE00C5168A /* SkillARQuickLook.swift in Sources */ = {isa = PBXBuildFile; fileRef = 314197062CD980D500C5168A /* SkillARQuickLook.swift */; };
		314197092CD982EA00C5168A /* cup_saucer_set.usdz in Resources */ = {isa = PBXBuildFile; fileRef = 314197082CD982EA00C5168A /* cup_saucer_set.usdz */; };
		3199DCB82E00A90B0000CDF1 /* LucideIcons in Frameworks */ = {isa = PBXBuildFile; productRef = 3199DCB72E00A90B0000CDF1 /* LucideIcons */; };
		31A2E8A02CD2C63D002B54E6 /* Test.swift in Sources */ = {isa = PBXBuildFile; fileRef = 31A2E89F2CD2C63B002B54E6 /* Test.swift */; };
		31C97E612B755C2B00A69DF7 /* Culinex.swift in Sources */ = {isa = PBXBuildFile; fileRef = 31C97E602B755C2B00A69DF7 /* Culinex.swift */; };
		31C97E632B755C2B00A69DF7 /* ContentView.swift in Sources */ = {isa = PBXBuildFile; fileRef = 31C97E622B755C2B00A69DF7 /* ContentView.swift */; };
		31C97E672B755C2C00A69DF7 /* Assets.xcassets in Resources */ = {isa = PBXBuildFile; fileRef = 31C97E662B755C2C00A69DF7 /* Assets.xcassets */; };
		31C97E6A2B755C2C00A69DF7 /* Preview Assets.xcassets in Resources */ = {isa = PBXBuildFile; fileRef = 31C97E692B755C2C00A69DF7 /* Preview Assets.xcassets */; };
		31C97E7A2B755E2D00A69DF7 /* MyIngredientsView.swift in Sources */ = {isa = PBXBuildFile; fileRef = 31C97E712B755E2D00A69DF7 /* MyIngredientsView.swift */; };
		31C97E7C2B755E2D00A69DF7 /* RecipeDetailView.swift in Sources */ = {isa = PBXBuildFile; fileRef = 31C97E732B755E2D00A69DF7 /* RecipeDetailView.swift */; };
		31C97E7D2B755E2D00A69DF7 /* AddFavoriteView.swift in Sources */ = {isa = PBXBuildFile; fileRef = 31C97E742B755E2D00A69DF7 /* AddFavoriteView.swift */; };
		31C97E7F2B755E2D00A69DF7 /* RecipesLibraryView.swift in Sources */ = {isa = PBXBuildFile; fileRef = 31C97E762B755E2D00A69DF7 /* RecipesLibraryView.swift */; };
		31C97E812B755E2D00A69DF7 /* OverviewView.swift in Sources */ = {isa = PBXBuildFile; fileRef = 31C97E782B755E2D00A69DF7 /* OverviewView.swift */; };
		31C97E8A2B755EE200A69DF7 /* Recipe.swift in Sources */ = {isa = PBXBuildFile; fileRef = 31C97E862B755EE200A69DF7 /* Recipe.swift */; };
		31C97E8B2B755EE200A69DF7 /* Ingredient.swift in Sources */ = {isa = PBXBuildFile; fileRef = 31C97E872B755EE200A69DF7 /* Ingredient.swift */; };
		31C97E8C2B755EE200A69DF7 /* Favorite.swift in Sources */ = {isa = PBXBuildFile; fileRef = 31C97E882B755EE200A69DF7 /* Favorite.swift */; };
		31CEC34E2CD598C70000FC58 /* StepTime.swift in Sources */ = {isa = PBXBuildFile; fileRef = 31CEC34D2CD598C70000FC58 /* StepTime.swift */; };
		31CEC3502CD5A1BD0000FC58 /* SkillSelectionView.swift in Sources */ = {isa = PBXBuildFile; fileRef = 31CEC34F2CD5A1BD0000FC58 /* SkillSelectionView.swift */; };
		31CEC3522CD5A1CE0000FC58 /* TimerSettingView.swift in Sources */ = {isa = PBXBuildFile; fileRef = 31CEC3512CD5A1CE0000FC58 /* TimerSettingView.swift */; };
		31CEC3542CD5A1E40000FC58 /* ExisitingIngredientView.swift in Sources */ = {isa = PBXBuildFile; fileRef = 31CEC3532CD5A1E40000FC58 /* ExisitingIngredientView.swift */; };
		31CEC3562CD5A1EF0000FC58 /* stepBlockEditingView.swift in Sources */ = {isa = PBXBuildFile; fileRef = 31CEC3552CD5A1EF0000FC58 /* stepBlockEditingView.swift */; };
		31CEC3582CD5A1FC0000FC58 /* stepBlockView.swift in Sources */ = {isa = PBXBuildFile; fileRef = 31CEC3572CD5A1FC0000FC58 /* stepBlockView.swift */; };
		31CEC35A2CD5A20B0000FC58 /* DescriptionView.swift in Sources */ = {isa = PBXBuildFile; fileRef = 31CEC3592CD5A20B0000FC58 /* DescriptionView.swift */; };
		31E4D1482B7AACA000BA7966 /* RecipeStep.swift in Sources */ = {isa = PBXBuildFile; fileRef = 31E4D1472B7AACA000BA7966 /* RecipeStep.swift */; };
		31E599832CD1E40B0009CB53 /* SampleData.swift in Sources */ = {isa = PBXBuildFile; fileRef = 31E599822CD1E3EC0009CB53 /* SampleData.swift */; };
		31E5998A2CD1E9450009CB53 /* PreviewContainer.swift in Sources */ = {isa = PBXBuildFile; fileRef = 31E599892CD1E9360009CB53 /* PreviewContainer.swift */; };
		31E814A52CD6E6AD0092C015 /* Photos.framework in Frameworks */ = {isa = PBXBuildFile; fileRef = 31E814A32CD6E6A60092C015 /* Photos.framework */; };
/* End PBXBuildFile section */

/* Begin PBXFileReference section */
		312C6B152CDC46180053EE3C /* StepFullScreenView.swift */ = {isa = PBXFileReference; lastKnownFileType = sourcecode.swift; path = StepFullScreenView.swift; sourceTree = "<group>"; };
		3130EEF22CD5583B00B96217 /* Skill.swift */ = {isa = PBXFileReference; lastKnownFileType = sourcecode.swift; path = Skill.swift; sourceTree = "<group>"; };
		3130EEF62CD5589700B96217 /* SkillsLibraryView.swift */ = {isa = PBXFileReference; lastKnownFileType = sourcecode.swift; path = SkillsLibraryView.swift; sourceTree = "<group>"; };
		314197062CD980D500C5168A /* SkillARQuickLook.swift */ = {isa = PBXFileReference; lastKnownFileType = sourcecode.swift; path = SkillARQuickLook.swift; sourceTree = "<group>"; };
		314197082CD982EA00C5168A /* cup_saucer_set.usdz */ = {isa = PBXFileReference; lastKnownFileType = file; path = cup_saucer_set.usdz; sourceTree = "<group>"; };
		31A2E89F2CD2C63B002B54E6 /* Test.swift */ = {isa = PBXFileReference; lastKnownFileType = sourcecode.swift; path = Test.swift; sourceTree = "<group>"; };
		31C97E5D2B755C2B00A69DF7 /* Culinex.app */ = {isa = PBXFileReference; explicitFileType = wrapper.application; includeInIndex = 0; path = Culinex.app; sourceTree = BUILT_PRODUCTS_DIR; };
		31C97E602B755C2B00A69DF7 /* Culinex.swift */ = {isa = PBXFileReference; lastKnownFileType = sourcecode.swift; path = Culinex.swift; sourceTree = "<group>"; };
		31C97E622B755C2B00A69DF7 /* ContentView.swift */ = {isa = PBXFileReference; lastKnownFileType = sourcecode.swift; path = ContentView.swift; sourceTree = "<group>"; };
		31C97E662B755C2C00A69DF7 /* Assets.xcassets */ = {isa = PBXFileReference; lastKnownFileType = folder.assetcatalog; path = Assets.xcassets; sourceTree = "<group>"; };
		31C97E692B755C2C00A69DF7 /* Preview Assets.xcassets */ = {isa = PBXFileReference; lastKnownFileType = folder.assetcatalog; path = "Preview Assets.xcassets"; sourceTree = "<group>"; };
		31C97E712B755E2D00A69DF7 /* MyIngredientsView.swift */ = {isa = PBXFileReference; fileEncoding = 4; lastKnownFileType = sourcecode.swift; path = MyIngredientsView.swift; sourceTree = "<group>"; };
		31C97E732B755E2D00A69DF7 /* RecipeDetailView.swift */ = {isa = PBXFileReference; fileEncoding = 4; lastKnownFileType = sourcecode.swift; path = RecipeDetailView.swift; sourceTree = "<group>"; };
		31C97E742B755E2D00A69DF7 /* AddFavoriteView.swift */ = {isa = PBXFileReference; fileEncoding = 4; lastKnownFileType = sourcecode.swift; path = AddFavoriteView.swift; sourceTree = "<group>"; };
		31C97E762B755E2D00A69DF7 /* RecipesLibraryView.swift */ = {isa = PBXFileReference; fileEncoding = 4; lastKnownFileType = sourcecode.swift; path = RecipesLibraryView.swift; sourceTree = "<group>"; };
		31C97E782B755E2D00A69DF7 /* OverviewView.swift */ = {isa = PBXFileReference; fileEncoding = 4; lastKnownFileType = sourcecode.swift; path = OverviewView.swift; sourceTree = "<group>"; };
		31C97E862B755EE200A69DF7 /* Recipe.swift */ = {isa = PBXFileReference; fileEncoding = 4; lastKnownFileType = sourcecode.swift; path = Recipe.swift; sourceTree = "<group>"; };
		31C97E872B755EE200A69DF7 /* Ingredient.swift */ = {isa = PBXFileReference; fileEncoding = 4; lastKnownFileType = sourcecode.swift; path = Ingredient.swift; sourceTree = "<group>"; };
		31C97E882B755EE200A69DF7 /* Favorite.swift */ = {isa = PBXFileReference; fileEncoding = 4; lastKnownFileType = sourcecode.swift; path = Favorite.swift; sourceTree = "<group>"; };
		31CEC34D2CD598C70000FC58 /* StepTime.swift */ = {isa = PBXFileReference; lastKnownFileType = sourcecode.swift; path = StepTime.swift; sourceTree = "<group>"; };
		31CEC34F2CD5A1BD0000FC58 /* SkillSelectionView.swift */ = {isa = PBXFileReference; lastKnownFileType = sourcecode.swift; path = SkillSelectionView.swift; sourceTree = "<group>"; };
		31CEC3512CD5A1CE0000FC58 /* TimerSettingView.swift */ = {isa = PBXFileReference; lastKnownFileType = sourcecode.swift; path = TimerSettingView.swift; sourceTree = "<group>"; };
		31CEC3532CD5A1E40000FC58 /* ExisitingIngredientView.swift */ = {isa = PBXFileReference; lastKnownFileType = sourcecode.swift; path = ExisitingIngredientView.swift; sourceTree = "<group>"; };
		31CEC3552CD5A1EF0000FC58 /* stepBlockEditingView.swift */ = {isa = PBXFileReference; lastKnownFileType = sourcecode.swift; path = stepBlockEditingView.swift; sourceTree = "<group>"; };
		31CEC3572CD5A1FC0000FC58 /* stepBlockView.swift */ = {isa = PBXFileReference; lastKnownFileType = sourcecode.swift; path = stepBlockView.swift; sourceTree = "<group>"; };
		31CEC3592CD5A20B0000FC58 /* DescriptionView.swift */ = {isa = PBXFileReference; lastKnownFileType = sourcecode.swift; path = DescriptionView.swift; sourceTree = "<group>"; };
		31E4D1472B7AACA000BA7966 /* RecipeStep.swift */ = {isa = PBXFileReference; lastKnownFileType = sourcecode.swift; path = RecipeStep.swift; sourceTree = "<group>"; };
		31E599822CD1E3EC0009CB53 /* SampleData.swift */ = {isa = PBXFileReference; lastKnownFileType = sourcecode.swift; path = SampleData.swift; sourceTree = "<group>"; };
		31E599892CD1E9360009CB53 /* PreviewContainer.swift */ = {isa = PBXFileReference; lastKnownFileType = sourcecode.swift; path = PreviewContainer.swift; sourceTree = "<group>"; };
		31E814A32CD6E6A60092C015 /* Photos.framework */ = {isa = PBXFileReference; lastKnownFileType = wrapper.framework; name = Photos.framework; path = System/Library/Frameworks/Photos.framework; sourceTree = SDKROOT; };
		31E814A82CD6E6C00092C015 /* Info.plist */ = {isa = PBXFileReference; lastKnownFileType = text.plist; path = Info.plist; sourceTree = "<group>"; };
/* End PBXFileReference section */

/* Begin PBXFrameworksBuildPhase section */
		31C97E5A2B755C2B00A69DF7 /* Frameworks */ = {
			isa = PBXFrameworksBuildPhase;
			buildActionMask = 2147483647;
			files = (
				31E814A52CD6E6AD0092C015 /* Photos.framework in Frameworks */,
				3199DCB82E00A90B0000CDF1 /* LucideIcons in Frameworks */,
			);
			runOnlyForDeploymentPostprocessing = 0;
		};
/* End PBXFrameworksBuildPhase section */

/* Begin PBXGroup section */
		310772BC2CD0785600DD774E /* RecipeDetailComponents */ = {
			isa = PBXGroup;
			children = (
				31CEC34F2CD5A1BD0000FC58 /* SkillSelectionView.swift */,
				31C97E732B755E2D00A69DF7 /* RecipeDetailView.swift */,
				31CEC3592CD5A20B0000FC58 /* DescriptionView.swift */,
				31CEC3572CD5A1FC0000FC58 /* stepBlockView.swift */,
				31CEC3552CD5A1EF0000FC58 /* stepBlockEditingView.swift */,
				31CEC3532CD5A1E40000FC58 /* ExisitingIngredientView.swift */,
				31CEC3512CD5A1CE0000FC58 /* TimerSettingView.swift */,
			);
			path = RecipeDetailComponents;
			sourceTree = "<group>";
		};
		312C6B142CDC46040053EE3C /* StepsDetailComponents */ = {
			isa = PBXGroup;
			children = (
				312C6B152CDC46180053EE3C /* StepFullScreenView.swift */,
			);
			path = StepsDetailComponents;
			sourceTree = "<group>";
		};
		31C97E542B755C2B00A69DF7 = {
			isa = PBXGroup;
			children = (
				31C97E5F2B755C2B00A69DF7 /* Culinex */,
				31E814A22CD6E6A60092C015 /* Frameworks */,
				31C97E5E2B755C2B00A69DF7 /* Products */,
			);
			sourceTree = "<group>";
		};
		31C97E5E2B755C2B00A69DF7 /* Products */ = {
			isa = PBXGroup;
			children = (
				31C97E5D2B755C2B00A69DF7 /* Culinex.app */,
			);
			name = Products;
			sourceTree = "<group>";
		};
		31C97E5F2B755C2B00A69DF7 /* Culinex */ = {
			isa = PBXGroup;
			children = (
				314197082CD982EA00C5168A /* cup_saucer_set.usdz */,
				31E814A82CD6E6C00092C015 /* Info.plist */,
				31A2E89F2CD2C63B002B54E6 /* Test.swift */,
				31E599882CD1E92E0009CB53 /* Support */,
				31E599812CD1E3DF0009CB53 /* Preview */,
				31C97E842B755E4700A69DF7 /* Model */,
				31C97E822B755E3700A69DF7 /* View */,
				31C97E602B755C2B00A69DF7 /* Culinex.swift */,
				314197062CD980D500C5168A /* SkillARQuickLook.swift */,
				31C97E662B755C2C00A69DF7 /* Assets.xcassets */,
				31C97E682B755C2C00A69DF7 /* Preview Content */,
			);
			path = Culinex;
			sourceTree = "<group>";
		};
		31C97E682B755C2C00A69DF7 /* Preview Content */ = {
			isa = PBXGroup;
			children = (
				31C97E692B755C2C00A69DF7 /* Preview Assets.xcassets */,
			);
			path = "Preview Content";
			sourceTree = "<group>";
		};
		31C97E822B755E3700A69DF7 /* View */ = {
			isa = PBXGroup;
			children = (
				312C6B142CDC46040053EE3C /* StepsDetailComponents */,
				310772BC2CD0785600DD774E /* RecipeDetailComponents */,
				31C97E852B755E8400A69DF7 /* SiderBarView */,
				31C97E622B755C2B00A69DF7 /* ContentView.swift */,
				31C97E742B755E2D00A69DF7 /* AddFavoriteView.swift */,
			);
			path = View;
			sourceTree = "<group>";
		};
		31C97E842B755E4700A69DF7 /* Model */ = {
			isa = PBXGroup;
			children = (
				31E4D1462B7AAC8A00BA7966 /* RecipeModel */,
				31C97E882B755EE200A69DF7 /* Favorite.swift */,
				31C97E872B755EE200A69DF7 /* Ingredient.swift */,
				31C97E862B755EE200A69DF7 /* Recipe.swift */,
				3130EEF22CD5583B00B96217 /* Skill.swift */,
			);
			path = Model;
			sourceTree = "<group>";
		};
		31C97E852B755E8400A69DF7 /* SiderBarView */ = {
			isa = PBXGroup;
			children = (
				3130EEF62CD5589700B96217 /* SkillsLibraryView.swift */,
				31C97E712B755E2D00A69DF7 /* MyIngredientsView.swift */,
				31C97E782B755E2D00A69DF7 /* OverviewView.swift */,
				31C97E762B755E2D00A69DF7 /* RecipesLibraryView.swift */,
			);
			path = SiderBarView;
			sourceTree = "<group>";
		};
		31E4D1462B7AAC8A00BA7966 /* RecipeModel */ = {
			isa = PBXGroup;
			children = (
				31CEC34D2CD598C70000FC58 /* StepTime.swift */,
				31E4D1472B7AACA000BA7966 /* RecipeStep.swift */,
			);
			path = RecipeModel;
			sourceTree = "<group>";
		};
		31E599812CD1E3DF0009CB53 /* Preview */ = {
			isa = PBXGroup;
			children = (
				31E599822CD1E3EC0009CB53 /* SampleData.swift */,
			);
			path = Preview;
			sourceTree = "<group>";
		};
		31E599882CD1E92E0009CB53 /* Support */ = {
			isa = PBXGroup;
			children = (
				31E599892CD1E9360009CB53 /* PreviewContainer.swift */,
			);
			path = Support;
			sourceTree = "<group>";
		};
		31E814A22CD6E6A60092C015 /* Frameworks */ = {
			isa = PBXGroup;
			children = (
				31E814A32CD6E6A60092C015 /* Photos.framework */,
			);
			name = Frameworks;
			sourceTree = "<group>";
		};
/* End PBXGroup section */

/* Begin PBXNativeTarget section */
		31C97E5C2B755C2B00A69DF7 /* Culinex */ = {
			isa = PBXNativeTarget;
			buildConfigurationList = 31C97E6D2B755C2C00A69DF7 /* Build configuration list for PBXNativeTarget "Culinex" */;
			buildPhases = (
				31C97E592B755C2B00A69DF7 /* Sources */,
				31C97E5A2B755C2B00A69DF7 /* Frameworks */,
				31C97E5B2B755C2B00A69DF7 /* Resources */,
			);
			buildRules = (
			);
			dependencies = (
			);
			name = Culinex;
			productName = iCooking;
			productReference = 31C97E5D2B755C2B00A69DF7 /* Culinex.app */;
			productType = "com.apple.product-type.application";
		};
/* End PBXNativeTarget section */

/* Begin PBXProject section */
		31C97E552B755C2B00A69DF7 /* Project object */ = {
			isa = PBXProject;
			attributes = {
				BuildIndependentTargetsInParallel = 1;
				LastSwiftUpdateCheck = 1500;
				LastUpgradeCheck = 1500;
				TargetAttributes = {
					31C97E5C2B755C2B00A69DF7 = {
						CreatedOnToolsVersion = 15.0;
					};
				};
			};
			buildConfigurationList = 31C97E582B755C2B00A69DF7 /* Build configuration list for PBXProject "Culinex" */;
			compatibilityVersion = "Xcode 14.0";
			developmentRegion = en;
			hasScannedForEncodings = 0;
			knownRegions = (
				en,
				Base,
			);
			mainGroup = 31C97E542B755C2B00A69DF7;
			packageReferences = (
				3199DCB62E00A90B0000CDF1 /* XCRemoteSwiftPackageReference "lucide-icons-swift" */,
			);
			productRefGroup = 31C97E5E2B755C2B00A69DF7 /* Products */;
			projectDirPath = "";
			projectRoot = "";
			targets = (
				31C97E5C2B755C2B00A69DF7 /* Culinex */,
			);
		};
/* End PBXProject section */

/* Begin PBXResourcesBuildPhase section */
		31C97E5B2B755C2B00A69DF7 /* Resources */ = {
			isa = PBXResourcesBuildPhase;
			buildActionMask = 2147483647;
			files = (
				314197092CD982EA00C5168A /* cup_saucer_set.usdz in Resources */,
				31C97E6A2B755C2C00A69DF7 /* Preview Assets.xcassets in Resources */,
				31C97E672B755C2C00A69DF7 /* Assets.xcassets in Resources */,
			);
			runOnlyForDeploymentPostprocessing = 0;
		};
/* End PBXResourcesBuildPhase section */

/* Begin PBXSourcesBuildPhase section */
		31C97E592B755C2B00A69DF7 /* Sources */ = {
			isa = PBXSourcesBuildPhase;
			buildActionMask = 2147483647;
			files = (
				31E5998A2CD1E9450009CB53 /* PreviewContainer.swift in Sources */,
				31C97E8C2B755EE200A69DF7 /* Favorite.swift in Sources */,
				314197072CD980DE00C5168A /* SkillARQuickLook.swift in Sources */,
				31C97E7F2B755E2D00A69DF7 /* RecipesLibraryView.swift in Sources */,
				3130EEF32CD5583B00B96217 /* Skill.swift in Sources */,
				31CEC3542CD5A1E40000FC58 /* ExisitingIngredientView.swift in Sources */,
				31E4D1482B7AACA000BA7966 /* RecipeStep.swift in Sources */,
				31CEC3502CD5A1BD0000FC58 /* SkillSelectionView.swift in Sources */,
				312C6B162CDC46280053EE3C /* StepFullScreenView.swift in Sources */,
				31CEC34E2CD598C70000FC58 /* StepTime.swift in Sources */,
				31A2E8A02CD2C63D002B54E6 /* Test.swift in Sources */,
				31C97E8B2B755EE200A69DF7 /* Ingredient.swift in Sources */,
				31C97E7A2B755E2D00A69DF7 /* MyIngredientsView.swift in Sources */,
				31CEC3582CD5A1FC0000FC58 /* stepBlockView.swift in Sources */,
				31C97E7C2B755E2D00A69DF7 /* RecipeDetailView.swift in Sources */,
				31C97E7D2B755E2D00A69DF7 /* AddFavoriteView.swift in Sources */,
				31CEC35A2CD5A20B0000FC58 /* DescriptionView.swift in Sources */,
				31C97E812B755E2D00A69DF7 /* OverviewView.swift in Sources */,
				31C97E632B755C2B00A69DF7 /* ContentView.swift in Sources */,
				31E599832CD1E40B0009CB53 /* SampleData.swift in Sources */,
				31CEC3562CD5A1EF0000FC58 /* stepBlockEditingView.swift in Sources */,
				31C97E8A2B755EE200A69DF7 /* Recipe.swift in Sources */,
				3130EEF72CD5589700B96217 /* SkillsLibraryView.swift in Sources */,
				31C97E612B755C2B00A69DF7 /* Culinex.swift in Sources */,
				31CEC3522CD5A1CE0000FC58 /* TimerSettingView.swift in Sources */,
			);
			runOnlyForDeploymentPostprocessing = 0;
		};
/* End PBXSourcesBuildPhase section */

/* Begin XCBuildConfiguration section */
		31C97E6B2B755C2C00A69DF7 /* Debug */ = {
			isa = XCBuildConfiguration;
			buildSettings = {
				ALWAYS_SEARCH_USER_PATHS = NO;
				ASSETCATALOG_COMPILER_GENERATE_SWIFT_ASSET_SYMBOL_EXTENSIONS = YES;
				CLANG_ANALYZER_NONNULL = YES;
				CLANG_ANALYZER_NUMBER_OBJECT_CONVERSION = YES_AGGRESSIVE;
				CLANG_CXX_LANGUAGE_STANDARD = "gnu++20";
				CLANG_ENABLE_MODULES = YES;
				CLANG_ENABLE_OBJC_ARC = YES;
				CLANG_ENABLE_OBJC_WEAK = YES;
				CLANG_WARN_BLOCK_CAPTURE_AUTORELEASING = YES;
				CLANG_WARN_BOOL_CONVERSION = YES;
				CLANG_WARN_COMMA = YES;
				CLANG_WARN_CONSTANT_CONVERSION = YES;
				CLANG_WARN_DEPRECATED_OBJC_IMPLEMENTATIONS = YES;
				CLANG_WARN_DIRECT_OBJC_ISA_USAGE = YES_ERROR;
				CLANG_WARN_DOCUMENTATION_COMMENTS = YES;
				CLANG_WARN_EMPTY_BODY = YES;
				CLANG_WARN_ENUM_CONVERSION = YES;
				CLANG_WARN_INFINITE_RECURSION = YES;
				CLANG_WARN_INT_CONVERSION = YES;
				CLANG_WARN_NON_LITERAL_NULL_CONVERSION = YES;
				CLANG_WARN_OBJC_IMPLICIT_RETAIN_SELF = YES;
				CLANG_WARN_OBJC_LITERAL_CONVERSION = YES;
				CLANG_WARN_OBJC_ROOT_CLASS = YES_ERROR;
				CLANG_WARN_QUOTED_INCLUDE_IN_FRAMEWORK_HEADER = YES;
				CLANG_WARN_RANGE_LOOP_ANALYSIS = YES;
				CLANG_WARN_STRICT_PROTOTYPES = YES;
				CLANG_WARN_SUSPICIOUS_MOVE = YES;
				CLANG_WARN_UNGUARDED_AVAILABILITY = YES_AGGRESSIVE;
				CLANG_WARN_UNREACHABLE_CODE = YES;
				CLANG_WARN__DUPLICATE_METHOD_MATCH = YES;
				COPY_PHASE_STRIP = NO;
				DEBUG_INFORMATION_FORMAT = dwarf;
				ENABLE_STRICT_OBJC_MSGSEND = YES;
				ENABLE_TESTABILITY = YES;
				ENABLE_USER_SCRIPT_SANDBOXING = YES;
				GCC_C_LANGUAGE_STANDARD = gnu17;
				GCC_DYNAMIC_NO_PIC = NO;
				GCC_NO_COMMON_BLOCKS = YES;
				GCC_OPTIMIZATION_LEVEL = 0;
				GCC_PREPROCESSOR_DEFINITIONS = (
					"DEBUG=1",
					"$(inherited)",
				);
				GCC_WARN_64_TO_32_BIT_CONVERSION = YES;
				GCC_WARN_ABOUT_RETURN_TYPE = YES_ERROR;
				GCC_WARN_UNDECLARED_SELECTOR = YES;
				GCC_WARN_UNINITIALIZED_AUTOS = YES_AGGRESSIVE;
				GCC_WARN_UNUSED_FUNCTION = YES;
				GCC_WARN_UNUSED_VARIABLE = YES;
				IPHONEOS_DEPLOYMENT_TARGET = 17.0;
				LOCALIZATION_PREFERS_STRING_CATALOGS = YES;
				MTL_ENABLE_DEBUG_INFO = INCLUDE_SOURCE;
				MTL_FAST_MATH = YES;
				ONLY_ACTIVE_ARCH = YES;
				SDKROOT = iphoneos;
				SWIFT_ACTIVE_COMPILATION_CONDITIONS = "DEBUG $(inherited)";
				SWIFT_OPTIMIZATION_LEVEL = "-Onone";
			};
			name = Debug;
		};
		31C97E6C2B755C2C00A69DF7 /* Release */ = {
			isa = XCBuildConfiguration;
			buildSettings = {
				ALWAYS_SEARCH_USER_PATHS = NO;
				ASSETCATALOG_COMPILER_GENERATE_SWIFT_ASSET_SYMBOL_EXTENSIONS = YES;
				CLANG_ANALYZER_NONNULL = YES;
				CLANG_ANALYZER_NUMBER_OBJECT_CONVERSION = YES_AGGRESSIVE;
				CLANG_CXX_LANGUAGE_STANDARD = "gnu++20";
				CLANG_ENABLE_MODULES = YES;
				CLANG_ENABLE_OBJC_ARC = YES;
				CLANG_ENABLE_OBJC_WEAK = YES;
				CLANG_WARN_BLOCK_CAPTURE_AUTORELEASING = YES;
				CLANG_WARN_BOOL_CONVERSION = YES;
				CLANG_WARN_COMMA = YES;
				CLANG_WARN_CONSTANT_CONVERSION = YES;
				CLANG_WARN_DEPRECATED_OBJC_IMPLEMENTATIONS = YES;
				CLANG_WARN_DIRECT_OBJC_ISA_USAGE = YES_ERROR;
				CLANG_WARN_DOCUMENTATION_COMMENTS = YES;
				CLANG_WARN_EMPTY_BODY = YES;
				CLANG_WARN_ENUM_CONVERSION = YES;
				CLANG_WARN_INFINITE_RECURSION = YES;
				CLANG_WARN_INT_CONVERSION = YES;
				CLANG_WARN_NON_LITERAL_NULL_CONVERSION = YES;
				CLANG_WARN_OBJC_IMPLICIT_RETAIN_SELF = YES;
				CLANG_WARN_OBJC_LITERAL_CONVERSION = YES;
				CLANG_WARN_OBJC_ROOT_CLASS = YES_ERROR;
				CLANG_WARN_QUOTED_INCLUDE_IN_FRAMEWORK_HEADER = YES;
				CLANG_WARN_RANGE_LOOP_ANALYSIS = YES;
				CLANG_WARN_STRICT_PROTOTYPES = YES;
				CLANG_WARN_SUSPICIOUS_MOVE = YES;
				CLANG_WARN_UNGUARDED_AVAILABILITY = YES_AGGRESSIVE;
				CLANG_WARN_UNREACHABLE_CODE = YES;
				CLANG_WARN__DUPLICATE_METHOD_MATCH = YES;
				COPY_PHASE_STRIP = NO;
				DEBUG_INFORMATION_FORMAT = "dwarf-with-dsym";
				ENABLE_NS_ASSERTIONS = NO;
				ENABLE_STRICT_OBJC_MSGSEND = YES;
				ENABLE_USER_SCRIPT_SANDBOXING = YES;
				GCC_C_LANGUAGE_STANDARD = gnu17;
				GCC_NO_COMMON_BLOCKS = YES;
				GCC_WARN_64_TO_32_BIT_CONVERSION = YES;
				GCC_WARN_ABOUT_RETURN_TYPE = YES_ERROR;
				GCC_WARN_UNDECLARED_SELECTOR = YES;
				GCC_WARN_UNINITIALIZED_AUTOS = YES_AGGRESSIVE;
				GCC_WARN_UNUSED_FUNCTION = YES;
				GCC_WARN_UNUSED_VARIABLE = YES;
				IPHONEOS_DEPLOYMENT_TARGET = 17.0;
				LOCALIZATION_PREFERS_STRING_CATALOGS = YES;
				MTL_ENABLE_DEBUG_INFO = NO;
				MTL_FAST_MATH = YES;
				SDKROOT = iphoneos;
				SWIFT_COMPILATION_MODE = wholemodule;
				VALIDATE_PRODUCT = YES;
			};
			name = Release;
		};
		31C97E6E2B755C2C00A69DF7 /* Debug */ = {
			isa = XCBuildConfiguration;
			buildSettings = {
				ASSETCATALOG_COMPILER_APPICON_NAME = AppIcon;
				ASSETCATALOG_COMPILER_GLOBAL_ACCENT_COLOR_NAME = AccentColor;
				CODE_SIGN_STYLE = Automatic;
				CURRENT_PROJECT_VERSION = 1;
				DEVELOPMENT_ASSET_PATHS = "\"Culinex/Preview Content\"";
				DEVELOPMENT_TEAM = 4AA9M7PY43;
				ENABLE_PREVIEWS = YES;
				GENERATE_INFOPLIST_FILE = YES;
				INFOPLIST_FILE = Culinex/Info.plist;
				INFOPLIST_KEY_CFBundleDisplayName = Culinex;
				INFOPLIST_KEY_LSApplicationCategoryType = "public.app-category.food-and-drink";
				INFOPLIST_KEY_NSCameraUsageDescription = "This app uses the camera to display augmented reality content.";
				INFOPLIST_KEY_UIApplicationSceneManifest_Generation = YES;
				INFOPLIST_KEY_UIApplicationSupportsIndirectInputEvents = YES;
				INFOPLIST_KEY_UILaunchScreen_Generation = YES;
				INFOPLIST_KEY_UISupportedInterfaceOrientations_iPad = "UIInterfaceOrientationPortrait UIInterfaceOrientationPortraitUpsideDown UIInterfaceOrientationLandscapeLeft UIInterfaceOrientationLandscapeRight";
				INFOPLIST_KEY_UISupportedInterfaceOrientations_iPhone = "UIInterfaceOrientationPortrait UIInterfaceOrientationLandscapeLeft UIInterfaceOrientationLandscapeRight";
				LD_RUNPATH_SEARCH_PATHS = (
					"$(inherited)",
					"@executable_path/Frameworks",
				);
				MARKETING_VERSION = 1.0;
				PRODUCT_BUNDLE_IDENTIFIER = online.edwinzhan.culinex;
				PRODUCT_NAME = "$(TARGET_NAME)";
				SUPPORTED_PLATFORMS = "iphoneos iphonesimulator";
				SUPPORTS_MACCATALYST = NO;
				SUPPORTS_XR_DESIGNED_FOR_IPHONE_IPAD = NO;
				SWIFT_EMIT_LOC_STRINGS = YES;
				SWIFT_VERSION = 5.0;
				TARGETED_DEVICE_FAMILY = 2;
			};
			name = Debug;
		};
		31C97E6F2B755C2C00A69DF7 /* Release */ = {
			isa = XCBuildConfiguration;
			buildSettings = {
				ASSETCATALOG_COMPILER_APPICON_NAME = AppIcon;
				ASSETCATALOG_COMPILER_GLOBAL_ACCENT_COLOR_NAME = AccentColor;
				CODE_SIGN_STYLE = Automatic;
				CURRENT_PROJECT_VERSION = 1;
				DEVELOPMENT_ASSET_PATHS = "\"Culinex/Preview Content\"";
				DEVELOPMENT_TEAM = 4AA9M7PY43;
				ENABLE_PREVIEWS = YES;
				GENERATE_INFOPLIST_FILE = YES;
				INFOPLIST_FILE = Culinex/Info.plist;
				INFOPLIST_KEY_CFBundleDisplayName = Culinex;
				INFOPLIST_KEY_LSApplicationCategoryType = "public.app-category.food-and-drink";
				INFOPLIST_KEY_NSCameraUsageDescription = "This app uses the camera to display augmented reality content.";
				INFOPLIST_KEY_UIApplicationSceneManifest_Generation = YES;
				INFOPLIST_KEY_UIApplicationSupportsIndirectInputEvents = YES;
				INFOPLIST_KEY_UILaunchScreen_Generation = YES;
				INFOPLIST_KEY_UISupportedInterfaceOrientations_iPad = "UIInterfaceOrientationPortrait UIInterfaceOrientationPortraitUpsideDown UIInterfaceOrientationLandscapeLeft UIInterfaceOrientationLandscapeRight";
				INFOPLIST_KEY_UISupportedInterfaceOrientations_iPhone = "UIInterfaceOrientationPortrait UIInterfaceOrientationLandscapeLeft UIInterfaceOrientationLandscapeRight";
				LD_RUNPATH_SEARCH_PATHS = (
					"$(inherited)",
					"@executable_path/Frameworks",
				);
				MARKETING_VERSION = 1.0;
				PRODUCT_BUNDLE_IDENTIFIER = online.edwinzhan.culinex;
				PRODUCT_NAME = "$(TARGET_NAME)";
				SUPPORTED_PLATFORMS = "iphoneos iphonesimulator";
				SUPPORTS_MACCATALYST = NO;
				SUPPORTS_XR_DESIGNED_FOR_IPHONE_IPAD = NO;
				SWIFT_EMIT_LOC_STRINGS = YES;
				SWIFT_VERSION = 5.0;
				TARGETED_DEVICE_FAMILY = 2;
			};
			name = Release;
		};
/* End XCBuildConfiguration section */

/* Begin XCConfigurationList section */
		31C97E582B755C2B00A69DF7 /* Build configuration list for PBXProject "Culinex" */ = {
			isa = XCConfigurationList;
			buildConfigurations = (
				31C97E6B2B755C2C00A69DF7 /* Debug */,
				31C97E6C2B755C2C00A69DF7 /* Release */,
			);
			defaultConfigurationIsVisible = 0;
			defaultConfigurationName = Release;
		};
		31C97E6D2B755C2C00A69DF7 /* Build configuration list for PBXNativeTarget "Culinex" */ = {
			isa = XCConfigurationList;
			buildConfigurations = (
				31C97E6E2B755C2C00A69DF7 /* Debug */,
				31C97E6F2B755C2C00A69DF7 /* Release */,
			);
			defaultConfigurationIsVisible = 0;
			defaultConfigurationName = Release;
		};
/* End XCConfigurationList section */

/* Begin XCRemoteSwiftPackageReference section */
		3199DCB62E00A90B0000CDF1 /* XCRemoteSwiftPackageReference "lucide-icons-swift" */ = {
			isa = XCRemoteSwiftPackageReference;
			repositoryURL = "https://github.com/JakubMazur/lucide-icons-swift";
			requirement = {
				kind = upToNextMajorVersion;
				minimumVersion = 0.515.0;
			};
		};
/* End XCRemoteSwiftPackageReference section */

/* Begin XCSwiftPackageProductDependency section */
		3199DCB72E00A90B0000CDF1 /* LucideIcons */ = {
			isa = XCSwiftPackageProductDependency;
			package = 3199DCB62E00A90B0000CDF1 /* XCRemoteSwiftPackageReference "lucide-icons-swift" */;
			productName = LucideIcons;
		};
/* End XCSwiftPackageProductDependency section */
	};
	rootObject = 31C97E552B755C2B00A69DF7 /* Project object */;
}
