// !$*UTF8*$!
{
	archiveVersion = 1;
	classes = {
	};
	objectVersion = 56;
	objects = {

/* Begin PBXBuildFile section */
		312974AD2E08F88300596CC6 /* FavoritesManager.swift in Sources */ = {isa = PBXBuildFile; fileRef = 312974AC2E08F88300596CC6 /* FavoritesManager.swift */; };
		312974AF2E0903D000596CC6 /* Culinex.icon in Resources */ = {isa = PBXBuildFile; fileRef = 312974AE2E0903D000596CC6 /* Culinex.icon */; };
		3130EEF32CD5583B00B96217 /* Skill.swift in Sources */ = {isa = PBXBuildFile; fileRef = 3130EEF22CD5583B00B96217 /* Skill.swift */; };
		3139BD942E04B0F700911B56 /* Tool.swift in Sources */ = {isa = PBXBuildFile; fileRef = 3139BD932E04B0F300911B56 /* Tool.swift */; };
		3139BD962E04C3F400911B56 /* RecipeIngredient.swift in Sources */ = {isa = PBXBuildFile; fileRef = 3139BD952E04C3ED00911B56 /* RecipeIngredient.swift */; };
		314197072CD980DE00C5168A /* SkillARQuickLook.swift in Sources */ = {isa = PBXBuildFile; fileRef = 314197062CD980D500C5168A /* SkillARQuickLook.swift */; };
		314197092CD982EA00C5168A /* cup_saucer_set.usdz in Resources */ = {isa = PBXBuildFile; fileRef = 314197082CD982EA00C5168A /* cup_saucer_set.usdz */; };
		316F0A472E04EB3D007FAFC4 /* RecipeSplitView.swift in Sources */ = {isa = PBXBuildFile; fileRef = 316F0A462E04EB38007FAFC4 /* RecipeSplitView.swift */; };
		316F0A492E04EB4F007FAFC4 /* NavigationOptions.swift in Sources */ = {isa = PBXBuildFile; fileRef = 316F0A482E04EB45007FAFC4 /* NavigationOptions.swift */; };
		316F0A4C2E04EDF5007FAFC4 /* RecipeGrid.swift in Sources */ = {isa = PBXBuildFile; fileRef = 316F0A4B2E04EDF1007FAFC4 /* RecipeGrid.swift */; };
		316F0A512E04EE9B007FAFC4 /* Constants.swift in Sources */ = {isa = PBXBuildFile; fileRef = 316F0A502E04EE96007FAFC4 /* Constants.swift */; };
		316F0A532E050168007FAFC4 /* RecipesView.swift in Sources */ = {isa = PBXBuildFile; fileRef = 316F0A522E050159007FAFC4 /* RecipesView.swift */; };
		316F0A562E0504DD007FAFC4 /* RecipeDetailView.swift in Sources */ = {isa = PBXBuildFile; fileRef = 316F0A552E0504D5007FAFC4 /* RecipeDetailView.swift */; };
		316F0A582E05056C007FAFC4 /* RecipeDetailStepsView.swift in Sources */ = {isa = PBXBuildFile; fileRef = 316F0A572E05056A007FAFC4 /* RecipeDetailStepsView.swift */; };
		316F0A5A2E0507C5007FAFC4 /* RecipeDetailInspectorForm.swift in Sources */ = {isa = PBXBuildFile; fileRef = 316F0A592E0507B5007FAFC4 /* RecipeDetailInspectorForm.swift */; };
		316F0A602E050F75007FAFC4 /* StepEditorForm.swift in Sources */ = {isa = PBXBuildFile; fileRef = 316F0A5F2E050F4F007FAFC4 /* StepEditorForm.swift */; };
		316F0A622E05110F007FAFC4 /* StepEditorFormOptions.swift in Sources */ = {isa = PBXBuildFile; fileRef = 316F0A612E051100007FAFC4 /* StepEditorFormOptions.swift */; };
		316F0A662E05B390007FAFC4 /* UTType.swift in Sources */ = {isa = PBXBuildFile; fileRef = 316F0A652E05B38A007FAFC4 /* UTType.swift */; };
		318176332E063D1B001B5CE1 /* StepInfoView.swift in Sources */ = {isa = PBXBuildFile; fileRef = 318176322E063D0D001B5CE1 /* StepInfoView.swift */; };
		3181769A2E064B90001B5CE1 /* IngredientCardView.swift in Sources */ = {isa = PBXBuildFile; fileRef = 318176992E064B90001B5CE1 /* IngredientCardView.swift */; };
		3181769E2E064C43001B5CE1 /* SkillCardView.swift in Sources */ = {isa = PBXBuildFile; fileRef = 3181769D2E064C43001B5CE1 /* SkillCardView.swift */; };
		318176BC2E06685F001B5CE1 /* RecipeGridItemView.swift in Sources */ = {isa = PBXBuildFile; fileRef = 318176BB2E06685A001B5CE1 /* RecipeGridItemView.swift */; };
		318176BE2E0668CE001B5CE1 /* RecipeStep.swift in Sources */ = {isa = PBXBuildFile; fileRef = 318176BD2E0668CA001B5CE1 /* RecipeStep.swift */; };
		318176C02E066970001B5CE1 /* StepTime.swift in Sources */ = {isa = PBXBuildFile; fileRef = 318176BF2E06696D001B5CE1 /* StepTime.swift */; };
		31AE4A522E0696E100C3EBCE /* IngredientGird.swift in Sources */ = {isa = PBXBuildFile; fileRef = 31AE4A512E0696E100C3EBCE /* IngredientGird.swift */; };
		31AE4A542E06974300C3EBCE /* IngredientsView.swift in Sources */ = {isa = PBXBuildFile; fileRef = 31AE4A532E06973A00C3EBCE /* IngredientsView.swift */; };
		31C97E612B755C2B00A69DF7 /* Culinex.swift in Sources */ = {isa = PBXBuildFile; fileRef = 31C97E602B755C2B00A69DF7 /* Culinex.swift */; };
		31C97E672B755C2C00A69DF7 /* Assets.xcassets in Resources */ = {isa = PBXBuildFile; fileRef = 31C97E662B755C2C00A69DF7 /* Assets.xcassets */; };
		31C97E6A2B755C2C00A69DF7 /* Preview Assets.xcassets in Resources */ = {isa = PBXBuildFile; fileRef = 31C97E692B755C2C00A69DF7 /* Preview Assets.xcassets */; };
		31C97E8A2B755EE200A69DF7 /* Recipe.swift in Sources */ = {isa = PBXBuildFile; fileRef = 31C97E862B755EE200A69DF7 /* Recipe.swift */; };
		31C97E8B2B755EE200A69DF7 /* Ingredient.swift in Sources */ = {isa = PBXBuildFile; fileRef = 31C97E872B755EE200A69DF7 /* Ingredient.swift */; };
		31C97E8C2B755EE200A69DF7 /* FavoriteCollection.swift in Sources */ = {isa = PBXBuildFile; fileRef = 31C97E882B755EE200A69DF7 /* FavoriteCollection.swift */; };
		31CD36332E07910800539525 /* FavoritesGrid.swift in Sources */ = {isa = PBXBuildFile; fileRef = 31CD36322E07910000539525 /* FavoritesGrid.swift */; };
		31CD36362E07917B00539525 /* FavoritesGridItemView.swift in Sources */ = {isa = PBXBuildFile; fileRef = 31CD36352E07916E00539525 /* FavoritesGridItemView.swift */; };
		31CD36382E07981200539525 /* FavoritesDetailView.swift in Sources */ = {isa = PBXBuildFile; fileRef = 31CD36372E07980B00539525 /* FavoritesDetailView.swift */; };
		31CD363A2E07A10300539525 /* SkillsGrid.swift in Sources */ = {isa = PBXBuildFile; fileRef = 31CD36392E07A0F800539525 /* SkillsGrid.swift */; };
		31CD363D2E07AF1F00539525 /* SetIngredientView.swift in Sources */ = {isa = PBXBuildFile; fileRef = 31CD363C2E07AF1F00539525 /* SetIngredientView.swift */; };
		31CD363F2E07B5FA00539525 /* SetDescriptionView.swift in Sources */ = {isa = PBXBuildFile; fileRef = 31CD363E2E07B5FA00539525 /* SetDescriptionView.swift */; };
		31CD36412E07B60300539525 /* SetToolsView.swift in Sources */ = {isa = PBXBuildFile; fileRef = 31CD36402E07B60300539525 /* SetToolsView.swift */; };
		31CD36432E07B61000539525 /* SetTimerView.swift in Sources */ = {isa = PBXBuildFile; fileRef = 31CD36422E07B61000539525 /* SetTimerView.swift */; };
		31CD36452E07B61900539525 /* SetSkillView.swift in Sources */ = {isa = PBXBuildFile; fileRef = 31CD36442E07B61900539525 /* SetSkillView.swift */; };
		31CD364A2E07D9E400539525 /* CalculatorNumberPickerView.swift in Sources */ = {isa = PBXBuildFile; fileRef = 31CD36492E07D9E400539525 /* CalculatorNumberPickerView.swift */; };
		31CD364C2E07E2F400539525 /* RecipeDetailInfoView.swift in Sources */ = {isa = PBXBuildFile; fileRef = 31CD364B2E07E2F400539525 /* RecipeDetailInfoView.swift */; };
		31CD364E2E07F09C00539525 /* CulinexAppSettingsView.swift in Sources */ = {isa = PBXBuildFile; fileRef = 31CD364D2E07F09C00539525 /* CulinexAppSettingsView.swift */; };
		31E599832CD1E40B0009CB53 /* SampleData.swift in Sources */ = {isa = PBXBuildFile; fileRef = 31E599822CD1E3EC0009CB53 /* SampleData.swift */; };
		31E5998A2CD1E9450009CB53 /* PreviewContainer.swift in Sources */ = {isa = PBXBuildFile; fileRef = 31E599892CD1E9360009CB53 /* PreviewContainer.swift */; };
		31E814A52CD6E6AD0092C015 /* Photos.framework in Frameworks */ = {isa = PBXBuildFile; fileRef = 31E814A32CD6E6A60092C015 /* Photos.framework */; };
		31EC4D082E08DAD800AEA78D /* TimerComponentView.swift in Sources */ = {isa = PBXBuildFile; fileRef = 31EC4D072E08DAD800AEA78D /* TimerComponentView.swift */; };
		31EC4D0E2E08EF5100AEA78D /* DataSetup.swift in Sources */ = {isa = PBXBuildFile; fileRef = 31EC4D0D2E08EF5100AEA78D /* DataSetup.swift */; };
		31EC4D112E08F2C400AEA78D /* ToastView.swift in Sources */ = {isa = PBXBuildFile; fileRef = 31EC4D102E08F2C400AEA78D /* ToastView.swift */; };
/* End PBXBuildFile section */

/* Begin PBXFileReference section */
		312974AC2E08F88300596CC6 /* FavoritesManager.swift */ = {isa = PBXFileReference; lastKnownFileType = sourcecode.swift; path = FavoritesManager.swift; sourceTree = "<group>"; };
		312974AE2E0903D000596CC6 /* Culinex.icon */ = {isa = PBXFileReference; lastKnownFileType = folder.iconcomposer.icon; path = Culinex.icon; sourceTree = "<group>"; };
		3130EEF22CD5583B00B96217 /* Skill.swift */ = {isa = PBXFileReference; lastKnownFileType = sourcecode.swift; path = Skill.swift; sourceTree = "<group>"; };
		3139BD932E04B0F300911B56 /* Tool.swift */ = {isa = PBXFileReference; lastKnownFileType = sourcecode.swift; path = Tool.swift; sourceTree = "<group>"; };
		3139BD952E04C3ED00911B56 /* RecipeIngredient.swift */ = {isa = PBXFileReference; lastKnownFileType = sourcecode.swift; path = RecipeIngredient.swift; sourceTree = "<group>"; };
		314197062CD980D500C5168A /* SkillARQuickLook.swift */ = {isa = PBXFileReference; lastKnownFileType = sourcecode.swift; path = SkillARQuickLook.swift; sourceTree = "<group>"; };
		314197082CD982EA00C5168A /* cup_saucer_set.usdz */ = {isa = PBXFileReference; lastKnownFileType = file; path = cup_saucer_set.usdz; sourceTree = "<group>"; };
		316F0A462E04EB38007FAFC4 /* RecipeSplitView.swift */ = {isa = PBXFileReference; lastKnownFileType = sourcecode.swift; path = RecipeSplitView.swift; sourceTree = "<group>"; };
		316F0A482E04EB45007FAFC4 /* NavigationOptions.swift */ = {isa = PBXFileReference; lastKnownFileType = sourcecode.swift; path = NavigationOptions.swift; sourceTree = "<group>"; };
		316F0A4B2E04EDF1007FAFC4 /* RecipeGrid.swift */ = {isa = PBXFileReference; lastKnownFileType = sourcecode.swift; path = RecipeGrid.swift; sourceTree = "<group>"; };
		316F0A502E04EE96007FAFC4 /* Constants.swift */ = {isa = PBXFileReference; lastKnownFileType = sourcecode.swift; path = Constants.swift; sourceTree = "<group>"; };
		316F0A522E050159007FAFC4 /* RecipesView.swift */ = {isa = PBXFileReference; lastKnownFileType = sourcecode.swift; path = RecipesView.swift; sourceTree = "<group>"; };
		316F0A552E0504D5007FAFC4 /* RecipeDetailView.swift */ = {isa = PBXFileReference; lastKnownFileType = sourcecode.swift; path = RecipeDetailView.swift; sourceTree = "<group>"; };
		316F0A572E05056A007FAFC4 /* RecipeDetailStepsView.swift */ = {isa = PBXFileReference; lastKnownFileType = sourcecode.swift; path = RecipeDetailStepsView.swift; sourceTree = "<group>"; };
		316F0A592E0507B5007FAFC4 /* RecipeDetailInspectorForm.swift */ = {isa = PBXFileReference; lastKnownFileType = sourcecode.swift; path = RecipeDetailInspectorForm.swift; sourceTree = "<group>"; };
		316F0A5F2E050F4F007FAFC4 /* StepEditorForm.swift */ = {isa = PBXFileReference; lastKnownFileType = sourcecode.swift; path = StepEditorForm.swift; sourceTree = "<group>"; };
		316F0A612E051100007FAFC4 /* StepEditorFormOptions.swift */ = {isa = PBXFileReference; lastKnownFileType = sourcecode.swift; path = StepEditorFormOptions.swift; sourceTree = "<group>"; };
		316F0A652E05B38A007FAFC4 /* UTType.swift */ = {isa = PBXFileReference; lastKnownFileType = sourcecode.swift; path = UTType.swift; sourceTree = "<group>"; };
		318176322E063D0D001B5CE1 /* StepInfoView.swift */ = {isa = PBXFileReference; lastKnownFileType = sourcecode.swift; path = StepInfoView.swift; sourceTree = "<group>"; };
		318176992E064B90001B5CE1 /* IngredientCardView.swift */ = {isa = PBXFileReference; lastKnownFileType = sourcecode.swift; path = IngredientCardView.swift; sourceTree = "<group>"; };
		3181769D2E064C43001B5CE1 /* SkillCardView.swift */ = {isa = PBXFileReference; lastKnownFileType = sourcecode.swift; path = SkillCardView.swift; sourceTree = "<group>"; };
		318176BB2E06685A001B5CE1 /* RecipeGridItemView.swift */ = {isa = PBXFileReference; lastKnownFileType = sourcecode.swift; path = RecipeGridItemView.swift; sourceTree = "<group>"; };
		318176BD2E0668CA001B5CE1 /* RecipeStep.swift */ = {isa = PBXFileReference; lastKnownFileType = sourcecode.swift; path = RecipeStep.swift; sourceTree = "<group>"; };
		318176BF2E06696D001B5CE1 /* StepTime.swift */ = {isa = PBXFileReference; lastKnownFileType = sourcecode.swift; path = StepTime.swift; sourceTree = "<group>"; };
		31AE4A512E0696E100C3EBCE /* IngredientGird.swift */ = {isa = PBXFileReference; lastKnownFileType = sourcecode.swift; path = IngredientGird.swift; sourceTree = "<group>"; };
		31AE4A532E06973A00C3EBCE /* IngredientsView.swift */ = {isa = PBXFileReference; lastKnownFileType = sourcecode.swift; path = IngredientsView.swift; sourceTree = "<group>"; };
		31C97E5D2B755C2B00A69DF7 /* Culinex.app */ = {isa = PBXFileReference; explicitFileType = wrapper.application; includeInIndex = 0; path = Culinex.app; sourceTree = BUILT_PRODUCTS_DIR; };
		31C97E602B755C2B00A69DF7 /* Culinex.swift */ = {isa = PBXFileReference; lastKnownFileType = sourcecode.swift; path = Culinex.swift; sourceTree = "<group>"; };
		31C97E662B755C2C00A69DF7 /* Assets.xcassets */ = {isa = PBXFileReference; lastKnownFileType = folder.assetcatalog; path = Assets.xcassets; sourceTree = "<group>"; };
		31C97E692B755C2C00A69DF7 /* Preview Assets.xcassets */ = {isa = PBXFileReference; lastKnownFileType = folder.assetcatalog; path = "Preview Assets.xcassets"; sourceTree = "<group>"; };
		31C97E862B755EE200A69DF7 /* Recipe.swift */ = {isa = PBXFileReference; fileEncoding = 4; lastKnownFileType = sourcecode.swift; path = Recipe.swift; sourceTree = "<group>"; };
		31C97E872B755EE200A69DF7 /* Ingredient.swift */ = {isa = PBXFileReference; fileEncoding = 4; lastKnownFileType = sourcecode.swift; path = Ingredient.swift; sourceTree = "<group>"; };
		31C97E882B755EE200A69DF7 /* FavoriteCollection.swift */ = {isa = PBXFileReference; fileEncoding = 4; lastKnownFileType = sourcecode.swift; path = FavoriteCollection.swift; sourceTree = "<group>"; };
		31CD36322E07910000539525 /* FavoritesGrid.swift */ = {isa = PBXFileReference; lastKnownFileType = sourcecode.swift; path = FavoritesGrid.swift; sourceTree = "<group>"; };
		31CD36352E07916E00539525 /* FavoritesGridItemView.swift */ = {isa = PBXFileReference; lastKnownFileType = sourcecode.swift; path = FavoritesGridItemView.swift; sourceTree = "<group>"; };
		31CD36372E07980B00539525 /* FavoritesDetailView.swift */ = {isa = PBXFileReference; lastKnownFileType = sourcecode.swift; path = FavoritesDetailView.swift; sourceTree = "<group>"; };
		31CD36392E07A0F800539525 /* SkillsGrid.swift */ = {isa = PBXFileReference; lastKnownFileType = sourcecode.swift; path = SkillsGrid.swift; sourceTree = "<group>"; };
		31CD363C2E07AF1F00539525 /* SetIngredientView.swift */ = {isa = PBXFileReference; lastKnownFileType = sourcecode.swift; path = SetIngredientView.swift; sourceTree = "<group>"; };
		31CD363E2E07B5FA00539525 /* SetDescriptionView.swift */ = {isa = PBXFileReference; lastKnownFileType = sourcecode.swift; path = SetDescriptionView.swift; sourceTree = "<group>"; };
		31CD36402E07B60300539525 /* SetToolsView.swift */ = {isa = PBXFileReference; lastKnownFileType = sourcecode.swift; path = SetToolsView.swift; sourceTree = "<group>"; };
		31CD36422E07B61000539525 /* SetTimerView.swift */ = {isa = PBXFileReference; lastKnownFileType = sourcecode.swift; path = SetTimerView.swift; sourceTree = "<group>"; };
		31CD36442E07B61900539525 /* SetSkillView.swift */ = {isa = PBXFileReference; lastKnownFileType = sourcecode.swift; path = SetSkillView.swift; sourceTree = "<group>"; };
		31CD36492E07D9E400539525 /* CalculatorNumberPickerView.swift */ = {isa = PBXFileReference; lastKnownFileType = sourcecode.swift; path = CalculatorNumberPickerView.swift; sourceTree = "<group>"; };
		31CD364B2E07E2F400539525 /* RecipeDetailInfoView.swift */ = {isa = PBXFileReference; lastKnownFileType = sourcecode.swift; path = RecipeDetailInfoView.swift; sourceTree = "<group>"; };
		31CD364D2E07F09C00539525 /* CulinexAppSettingsView.swift */ = {isa = PBXFileReference; lastKnownFileType = sourcecode.swift; path = CulinexAppSettingsView.swift; sourceTree = "<group>"; };
		31E599822CD1E3EC0009CB53 /* SampleData.swift */ = {isa = PBXFileReference; lastKnownFileType = sourcecode.swift; path = SampleData.swift; sourceTree = "<group>"; };
		31E599892CD1E9360009CB53 /* PreviewContainer.swift */ = {isa = PBXFileReference; lastKnownFileType = sourcecode.swift; path = PreviewContainer.swift; sourceTree = "<group>"; };
		31E814A32CD6E6A60092C015 /* Photos.framework */ = {isa = PBXFileReference; lastKnownFileType = wrapper.framework; name = Photos.framework; path = System/Library/Frameworks/Photos.framework; sourceTree = SDKROOT; };
		31E814A82CD6E6C00092C015 /* Info.plist */ = {isa = PBXFileReference; lastKnownFileType = text.plist; path = Info.plist; sourceTree = "<group>"; };
		31EC4D072E08DAD800AEA78D /* TimerComponentView.swift */ = {isa = PBXFileReference; lastKnownFileType = sourcecode.swift; path = TimerComponentView.swift; sourceTree = "<group>"; };
		31EC4D0D2E08EF5100AEA78D /* DataSetup.swift */ = {isa = PBXFileReference; lastKnownFileType = sourcecode.swift; path = DataSetup.swift; sourceTree = "<group>"; };
		31EC4D102E08F2C400AEA78D /* ToastView.swift */ = {isa = PBXFileReference; lastKnownFileType = sourcecode.swift; path = ToastView.swift; sourceTree = "<group>"; };
/* End PBXFileReference section */

/* Begin PBXFrameworksBuildPhase section */
		31C97E5A2B755C2B00A69DF7 /* Frameworks */ = {
			isa = PBXFrameworksBuildPhase;
			buildActionMask = 2147483647;
			files = (
				31E814A52CD6E6AD0092C015 /* Photos.framework in Frameworks */,
			);
			runOnlyForDeploymentPostprocessing = 0;
		};
/* End PBXFrameworksBuildPhase section */

/* Begin PBXGroup section */
		316F0A452E04EB1E007FAFC4 /* RecipeSplitView */ = {
			isa = PBXGroup;
			children = (
				316F0A482E04EB45007FAFC4 /* NavigationOptions.swift */,
				316F0A462E04EB38007FAFC4 /* RecipeSplitView.swift */,
			);
			path = RecipeSplitView;
			sourceTree = "<group>";
		};
		316F0A4A2E04ED97007FAFC4 /* Recipes */ = {
			isa = PBXGroup;
			children = (
				316F0A522E050159007FAFC4 /* RecipesView.swift */,
				316F0A542E0504C5007FAFC4 /* RecipeDetail */,
				316F0A4F2E04EE2A007FAFC4 /* RecipeGrid */,
			);
			path = Recipes;
			sourceTree = "<group>";
		};
		316F0A4F2E04EE2A007FAFC4 /* RecipeGrid */ = {
			isa = PBXGroup;
			children = (
				318176BB2E06685A001B5CE1 /* RecipeGridItemView.swift */,
				316F0A4B2E04EDF1007FAFC4 /* RecipeGrid.swift */,
			);
			path = RecipeGrid;
			sourceTree = "<group>";
		};
		316F0A542E0504C5007FAFC4 /* RecipeDetail */ = {
			isa = PBXGroup;
			children = (
				316F0A5E2E050F36007FAFC4 /* RecipeDetailSteps */,
				316F0A592E0507B5007FAFC4 /* RecipeDetailInspectorForm.swift */,
				31CD364B2E07E2F400539525 /* RecipeDetailInfoView.swift */,
				316F0A552E0504D5007FAFC4 /* RecipeDetailView.swift */,
			);
			path = RecipeDetail;
			sourceTree = "<group>";
		};
		316F0A5E2E050F36007FAFC4 /* RecipeDetailSteps */ = {
			isa = PBXGroup;
			children = (
				31CD363B2E07AF0700539525 /* EditorFormSetViews */,
				318176322E063D0D001B5CE1 /* StepInfoView.swift */,
				316F0A612E051100007FAFC4 /* StepEditorFormOptions.swift */,
				316F0A5F2E050F4F007FAFC4 /* StepEditorForm.swift */,
				316F0A572E05056A007FAFC4 /* RecipeDetailStepsView.swift */,
			);
			path = RecipeDetailSteps;
			sourceTree = "<group>";
		};
		3181769B2E064B9C001B5CE1 /* Ingredients */ = {
			isa = PBXGroup;
			children = (
				318176992E064B90001B5CE1 /* IngredientCardView.swift */,
				31AE4A512E0696E100C3EBCE /* IngredientGird.swift */,
				31AE4A532E06973A00C3EBCE /* IngredientsView.swift */,
			);
			path = Ingredients;
			sourceTree = "<group>";
		};
		3181769C2E064C24001B5CE1 /* Skills */ = {
			isa = PBXGroup;
			children = (
				31CD36392E07A0F800539525 /* SkillsGrid.swift */,
				3181769D2E064C43001B5CE1 /* SkillCardView.swift */,
				314197062CD980D500C5168A /* SkillARQuickLook.swift */,
			);
			path = Skills;
			sourceTree = "<group>";
		};
		31C97E542B755C2B00A69DF7 = {
			isa = PBXGroup;
			children = (
				312974AE2E0903D000596CC6 /* Culinex.icon */,
				31C97E5F2B755C2B00A69DF7 /* Culinex */,
				31E814A22CD6E6A60092C015 /* Frameworks */,
				31C97E5E2B755C2B00A69DF7 /* Products */,
			);
			sourceTree = "<group>";
		};
		31C97E5E2B755C2B00A69DF7 /* Products */ = {
			isa = PBXGroup;
			children = (
				31C97E5D2B755C2B00A69DF7 /* Culinex.app */,
			);
			name = Products;
			sourceTree = "<group>";
		};
		31C97E5F2B755C2B00A69DF7 /* Culinex */ = {
			isa = PBXGroup;
			children = (
				314197082CD982EA00C5168A /* cup_saucer_set.usdz */,
				31E814A82CD6E6C00092C015 /* Info.plist */,
				31E599882CD1E92E0009CB53 /* Support */,
				31E599812CD1E3DF0009CB53 /* Preview */,
				31C97E842B755E4700A69DF7 /* Model */,
				31C97E822B755E3700A69DF7 /* View */,
				31C97E662B755C2C00A69DF7 /* Assets.xcassets */,
				31C97E682B755C2C00A69DF7 /* Preview Content */,
			);
			path = Culinex;
			sourceTree = "<group>";
		};
		31C97E682B755C2C00A69DF7 /* Preview Content */ = {
			isa = PBXGroup;
			children = (
				31C97E692B755C2C00A69DF7 /* Preview Assets.xcassets */,
			);
			path = "Preview Content";
			sourceTree = "<group>";
		};
		31C97E822B755E3700A69DF7 /* View */ = {
			isa = PBXGroup;
			children = (
				31C97E602B755C2B00A69DF7 /* Culinex.swift */,
				31CD364D2E07F09C00539525 /* CulinexAppSettingsView.swift */,
				31EC4D0F2E08F2A500AEA78D /* Components */,
				31EC4D062E08DA9600AEA78D /* Timer */,
				31CD36462E07D9D700539525 /* Utils */,
				31CD36342E07910B00539525 /* Favorites */,
				3181769C2E064C24001B5CE1 /* Skills */,
				3181769B2E064B9C001B5CE1 /* Ingredients */,
				316F0A4A2E04ED97007FAFC4 /* Recipes */,
				316F0A452E04EB1E007FAFC4 /* RecipeSplitView */,
			);
			path = View;
			sourceTree = "<group>";
		};
		31C97E842B755E4700A69DF7 /* Model */ = {
			isa = PBXGroup;
			children = (
				316F0A502E04EE96007FAFC4 /* Constants.swift */,
				31C97E882B755EE200A69DF7 /* FavoriteCollection.swift */,
				3130EEF22CD5583B00B96217 /* Skill.swift */,
				31C97E862B755EE200A69DF7 /* Recipe.swift */,
				318176BD2E0668CA001B5CE1 /* RecipeStep.swift */,
				3139BD952E04C3ED00911B56 /* RecipeIngredient.swift */,
				31C97E872B755EE200A69DF7 /* Ingredient.swift */,
				318176BF2E06696D001B5CE1 /* StepTime.swift */,
				3139BD932E04B0F300911B56 /* Tool.swift */,
			);
			path = Model;
			sourceTree = "<group>";
		};
		31CD36342E07910B00539525 /* Favorites */ = {
			isa = PBXGroup;
			children = (
				312974AC2E08F88300596CC6 /* FavoritesManager.swift */,
				31CD36372E07980B00539525 /* FavoritesDetailView.swift */,
				31CD36352E07916E00539525 /* FavoritesGridItemView.swift */,
				31CD36322E07910000539525 /* FavoritesGrid.swift */,
			);
			path = Favorites;
			sourceTree = "<group>";
		};
		31CD363B2E07AF0700539525 /* EditorFormSetViews */ = {
			isa = PBXGroup;
			children = (
				31CD36442E07B61900539525 /* SetSkillView.swift */,
				31CD36422E07B61000539525 /* SetTimerView.swift */,
				31CD36402E07B60300539525 /* SetToolsView.swift */,
				31CD363E2E07B5FA00539525 /* SetDescriptionView.swift */,
				31CD363C2E07AF1F00539525 /* SetIngredientView.swift */,
			);
			path = EditorFormSetViews;
			sourceTree = "<group>";
		};
		31CD36462E07D9D700539525 /* Utils */ = {
			isa = PBXGroup;
			children = (
				31CD36492E07D9E400539525 /* CalculatorNumberPickerView.swift */,
			);
			path = Utils;
			sourceTree = "<group>";
		};
		31E599812CD1E3DF0009CB53 /* Preview */ = {
			isa = PBXGroup;
			children = (
				31E599822CD1E3EC0009CB53 /* SampleData.swift */,
			);
			path = Preview;
			sourceTree = "<group>";
		};
		31E599882CD1E92E0009CB53 /* Support */ = {
			isa = PBXGroup;
			children = (
				31EC4D0D2E08EF5100AEA78D /* DataSetup.swift */,
				316F0A652E05B38A007FAFC4 /* UTType.swift */,
				31E599892CD1E9360009CB53 /* PreviewContainer.swift */,
			);
			path = Support;
			sourceTree = "<group>";
		};
		31E814A22CD6E6A60092C015 /* Frameworks */ = {
			isa = PBXGroup;
			children = (
				31E814A32CD6E6A60092C015 /* Photos.framework */,
			);
			name = Frameworks;
			sourceTree = "<group>";
		};
		31EC4D062E08DA9600AEA78D /* Timer */ = {
			isa = PBXGroup;
			children = (
				31EC4D072E08DAD800AEA78D /* TimerComponentView.swift */,
			);
			path = Timer;
			sourceTree = "<group>";
		};
		31EC4D0F2E08F2A500AEA78D /* Components */ = {
			isa = PBXGroup;
			children = (
				31EC4D102E08F2C400AEA78D /* ToastView.swift */,
			);
			path = Components;
			sourceTree = "<group>";
		};
/* End PBXGroup section */

/* Begin PBXNativeTarget section */
		31C97E5C2B755C2B00A69DF7 /* Culinex */ = {
			isa = PBXNativeTarget;
			buildConfigurationList = 31C97E6D2B755C2C00A69DF7 /* Build configuration list for PBXNativeTarget "Culinex" */;
			buildPhases = (
				31C97E592B755C2B00A69DF7 /* Sources */,
				31C97E5A2B755C2B00A69DF7 /* Frameworks */,
				31C97E5B2B755C2B00A69DF7 /* Resources */,
			);
			buildRules = (
			);
			dependencies = (
			);
			name = Culinex;
			productName = iCooking;
			productReference = 31C97E5D2B755C2B00A69DF7 /* Culinex.app */;
			productType = "com.apple.product-type.application";
		};
/* End PBXNativeTarget section */

/* Begin PBXProject section */
		31C97E552B755C2B00A69DF7 /* Project object */ = {
			isa = PBXProject;
			attributes = {
				BuildIndependentTargetsInParallel = 1;
				LastSwiftUpdateCheck = 1500;
				LastUpgradeCheck = 1500;
				TargetAttributes = {
					31C97E5C2B755C2B00A69DF7 = {
						CreatedOnToolsVersion = 15.0;
					};
				};
			};
			buildConfigurationList = 31C97E582B755C2B00A69DF7 /* Build configuration list for PBXProject "Culinex" */;
			compatibilityVersion = "Xcode 14.0";
			developmentRegion = en;
			hasScannedForEncodings = 0;
			knownRegions = (
				en,
				Base,
			);
			mainGroup = 31C97E542B755C2B00A69DF7;
			packageReferences = (
			);
			productRefGroup = 31C97E5E2B755C2B00A69DF7 /* Products */;
			projectDirPath = "";
			projectRoot = "";
			targets = (
				31C97E5C2B755C2B00A69DF7 /* Culinex */,
			);
		};
/* End PBXProject section */

/* Begin PBXResourcesBuildPhase section */
		31C97E5B2B755C2B00A69DF7 /* Resources */ = {
			isa = PBXResourcesBuildPhase;
			buildActionMask = 2147483647;
			files = (
				314197092CD982EA00C5168A /* cup_saucer_set.usdz in Resources */,
				31C97E6A2B755C2C00A69DF7 /* Preview Assets.xcassets in Resources */,
				31C97E672B755C2C00A69DF7 /* Assets.xcassets in Resources */,
				312974AF2E0903D000596CC6 /* Culinex.icon in Resources */,
			);
			runOnlyForDeploymentPostprocessing = 0;
		};
/* End PBXResourcesBuildPhase section */

/* Begin PBXSourcesBuildPhase section */
		31C97E592B755C2B00A69DF7 /* Sources */ = {
			isa = PBXSourcesBuildPhase;
			buildActionMask = 2147483647;
			files = (
				31E5998A2CD1E9450009CB53 /* PreviewContainer.swift in Sources */,
				31C97E8C2B755EE200A69DF7 /* FavoriteCollection.swift in Sources */,
				31CD363A2E07A10300539525 /* SkillsGrid.swift in Sources */,
				314197072CD980DE00C5168A /* SkillARQuickLook.swift in Sources */,
				316F0A472E04EB3D007FAFC4 /* RecipeSplitView.swift in Sources */,
				31CD364E2E07F09C00539525 /* CulinexAppSettingsView.swift in Sources */,
				31CD36412E07B60300539525 /* SetToolsView.swift in Sources */,
				316F0A4C2E04EDF5007FAFC4 /* RecipeGrid.swift in Sources */,
				316F0A602E050F75007FAFC4 /* StepEditorForm.swift in Sources */,
				316F0A662E05B390007FAFC4 /* UTType.swift in Sources */,
				3130EEF32CD5583B00B96217 /* Skill.swift in Sources */,
				316F0A532E050168007FAFC4 /* RecipesView.swift in Sources */,
				316F0A512E04EE9B007FAFC4 /* Constants.swift in Sources */,
				31CD363F2E07B5FA00539525 /* SetDescriptionView.swift in Sources */,
				316F0A622E05110F007FAFC4 /* StepEditorFormOptions.swift in Sources */,
				31CD363D2E07AF1F00539525 /* SetIngredientView.swift in Sources */,
				31EC4D082E08DAD800AEA78D /* TimerComponentView.swift in Sources */,
				316F0A582E05056C007FAFC4 /* RecipeDetailStepsView.swift in Sources */,
				318176BE2E0668CE001B5CE1 /* RecipeStep.swift in Sources */,
				318176332E063D1B001B5CE1 /* StepInfoView.swift in Sources */,
				31CD36362E07917B00539525 /* FavoritesGridItemView.swift in Sources */,
				3139BD942E04B0F700911B56 /* Tool.swift in Sources */,
				316F0A562E0504DD007FAFC4 /* RecipeDetailView.swift in Sources */,
				31EC4D0E2E08EF5100AEA78D /* DataSetup.swift in Sources */,
				31CD36452E07B61900539525 /* SetSkillView.swift in Sources */,
				318176C02E066970001B5CE1 /* StepTime.swift in Sources */,
				31AE4A522E0696E100C3EBCE /* IngredientGird.swift in Sources */,
				3139BD962E04C3F400911B56 /* RecipeIngredient.swift in Sources */,
				31EC4D112E08F2C400AEA78D /* ToastView.swift in Sources */,
				318176BC2E06685F001B5CE1 /* RecipeGridItemView.swift in Sources */,
				31CD36382E07981200539525 /* FavoritesDetailView.swift in Sources */,
				31CD36432E07B61000539525 /* SetTimerView.swift in Sources */,
				316F0A5A2E0507C5007FAFC4 /* RecipeDetailInspectorForm.swift in Sources */,
				3181769E2E064C43001B5CE1 /* SkillCardView.swift in Sources */,
				31C97E8B2B755EE200A69DF7 /* Ingredient.swift in Sources */,
				31CD364C2E07E2F400539525 /* RecipeDetailInfoView.swift in Sources */,
				31CD36332E07910800539525 /* FavoritesGrid.swift in Sources */,
				316F0A492E04EB4F007FAFC4 /* NavigationOptions.swift in Sources */,
				31E599832CD1E40B0009CB53 /* SampleData.swift in Sources */,
				3181769A2E064B90001B5CE1 /* IngredientCardView.swift in Sources */,
				31AE4A542E06974300C3EBCE /* IngredientsView.swift in Sources */,
				31C97E8A2B755EE200A69DF7 /* Recipe.swift in Sources */,
				31CD364A2E07D9E400539525 /* CalculatorNumberPickerView.swift in Sources */,
				312974AD2E08F88300596CC6 /* FavoritesManager.swift in Sources */,
				31C97E612B755C2B00A69DF7 /* Culinex.swift in Sources */,
			);
			runOnlyForDeploymentPostprocessing = 0;
		};
/* End PBXSourcesBuildPhase section */

/* Begin XCBuildConfiguration section */
		31C97E6B2B755C2C00A69DF7 /* Debug */ = {
			isa = XCBuildConfiguration;
			buildSettings = {
				ALWAYS_SEARCH_USER_PATHS = NO;
				ASSETCATALOG_COMPILER_GENERATE_SWIFT_ASSET_SYMBOL_EXTENSIONS = YES;
				CLANG_ANALYZER_NONNULL = YES;
				CLANG_ANALYZER_NUMBER_OBJECT_CONVERSION = YES_AGGRESSIVE;
				CLANG_CXX_LANGUAGE_STANDARD = "gnu++20";
				CLANG_ENABLE_MODULES = YES;
				CLANG_ENABLE_OBJC_ARC = YES;
				CLANG_ENABLE_OBJC_WEAK = YES;
				CLANG_WARN_BLOCK_CAPTURE_AUTORELEASING = YES;
				CLANG_WARN_BOOL_CONVERSION = YES;
				CLANG_WARN_COMMA = YES;
				CLANG_WARN_CONSTANT_CONVERSION = YES;
				CLANG_WARN_DEPRECATED_OBJC_IMPLEMENTATIONS = YES;
				CLANG_WARN_DIRECT_OBJC_ISA_USAGE = YES_ERROR;
				CLANG_WARN_DOCUMENTATION_COMMENTS = YES;
				CLANG_WARN_EMPTY_BODY = YES;
				CLANG_WARN_ENUM_CONVERSION = YES;
				CLANG_WARN_INFINITE_RECURSION = YES;
				CLANG_WARN_INT_CONVERSION = YES;
				CLANG_WARN_NON_LITERAL_NULL_CONVERSION = YES;
				CLANG_WARN_OBJC_IMPLICIT_RETAIN_SELF = YES;
				CLANG_WARN_OBJC_LITERAL_CONVERSION = YES;
				CLANG_WARN_OBJC_ROOT_CLASS = YES_ERROR;
				CLANG_WARN_QUOTED_INCLUDE_IN_FRAMEWORK_HEADER = YES;
				CLANG_WARN_RANGE_LOOP_ANALYSIS = YES;
				CLANG_WARN_STRICT_PROTOTYPES = YES;
				CLANG_WARN_SUSPICIOUS_MOVE = YES;
				CLANG_WARN_UNGUARDED_AVAILABILITY = YES_AGGRESSIVE;
				CLANG_WARN_UNREACHABLE_CODE = YES;
				CLANG_WARN__DUPLICATE_METHOD_MATCH = YES;
				COPY_PHASE_STRIP = NO;
				DEBUG_INFORMATION_FORMAT = dwarf;
				ENABLE_STRICT_OBJC_MSGSEND = YES;
				ENABLE_TESTABILITY = YES;
				ENABLE_USER_SCRIPT_SANDBOXING = YES;
				GCC_C_LANGUAGE_STANDARD = gnu17;
				GCC_DYNAMIC_NO_PIC = NO;
				GCC_NO_COMMON_BLOCKS = YES;
				GCC_OPTIMIZATION_LEVEL = 0;
				GCC_PREPROCESSOR_DEFINITIONS = (
					"DEBUG=1",
					"$(inherited)",
				);
				GCC_WARN_64_TO_32_BIT_CONVERSION = YES;
				GCC_WARN_ABOUT_RETURN_TYPE = YES_ERROR;
				GCC_WARN_UNDECLARED_SELECTOR = YES;
				GCC_WARN_UNINITIALIZED_AUTOS = YES_AGGRESSIVE;
				GCC_WARN_UNUSED_FUNCTION = YES;
				GCC_WARN_UNUSED_VARIABLE = YES;
				IPHONEOS_DEPLOYMENT_TARGET = 17.0;
				LOCALIZATION_PREFERS_STRING_CATALOGS = YES;
				MTL_ENABLE_DEBUG_INFO = INCLUDE_SOURCE;
				MTL_FAST_MATH = YES;
				ONLY_ACTIVE_ARCH = YES;
				SDKROOT = iphoneos;
				SWIFT_ACTIVE_COMPILATION_CONDITIONS = "DEBUG $(inherited)";
				SWIFT_OPTIMIZATION_LEVEL = "-Onone";
			};
			name = Debug;
		};
		31C97E6C2B755C2C00A69DF7 /* Release */ = {
			isa = XCBuildConfiguration;
			buildSettings = {
				ALWAYS_SEARCH_USER_PATHS = NO;
				ASSETCATALOG_COMPILER_GENERATE_SWIFT_ASSET_SYMBOL_EXTENSIONS = YES;
				CLANG_ANALYZER_NONNULL = YES;
				CLANG_ANALYZER_NUMBER_OBJECT_CONVERSION = YES_AGGRESSIVE;
				CLANG_CXX_LANGUAGE_STANDARD = "gnu++20";
				CLANG_ENABLE_MODULES = YES;
				CLANG_ENABLE_OBJC_ARC = YES;
				CLANG_ENABLE_OBJC_WEAK = YES;
				CLANG_WARN_BLOCK_CAPTURE_AUTORELEASING = YES;
				CLANG_WARN_BOOL_CONVERSION = YES;
				CLANG_WARN_COMMA = YES;
				CLANG_WARN_CONSTANT_CONVERSION = YES;
				CLANG_WARN_DEPRECATED_OBJC_IMPLEMENTATIONS = YES;
				CLANG_WARN_DIRECT_OBJC_ISA_USAGE = YES_ERROR;
				CLANG_WARN_DOCUMENTATION_COMMENTS = YES;
				CLANG_WARN_EMPTY_BODY = YES;
				CLANG_WARN_ENUM_CONVERSION = YES;
				CLANG_WARN_INFINITE_RECURSION = YES;
				CLANG_WARN_INT_CONVERSION = YES;
				CLANG_WARN_NON_LITERAL_NULL_CONVERSION = YES;
				CLANG_WARN_OBJC_IMPLICIT_RETAIN_SELF = YES;
				CLANG_WARN_OBJC_LITERAL_CONVERSION = YES;
				CLANG_WARN_OBJC_ROOT_CLASS = YES_ERROR;
				CLANG_WARN_QUOTED_INCLUDE_IN_FRAMEWORK_HEADER = YES;
				CLANG_WARN_RANGE_LOOP_ANALYSIS = YES;
				CLANG_WARN_STRICT_PROTOTYPES = YES;
				CLANG_WARN_SUSPICIOUS_MOVE = YES;
				CLANG_WARN_UNGUARDED_AVAILABILITY = YES_AGGRESSIVE;
				CLANG_WARN_UNREACHABLE_CODE = YES;
				CLANG_WARN__DUPLICATE_METHOD_MATCH = YES;
				COPY_PHASE_STRIP = NO;
				DEBUG_INFORMATION_FORMAT = "dwarf-with-dsym";
				ENABLE_NS_ASSERTIONS = NO;
				ENABLE_STRICT_OBJC_MSGSEND = YES;
				ENABLE_USER_SCRIPT_SANDBOXING = YES;
				GCC_C_LANGUAGE_STANDARD = gnu17;
				GCC_NO_COMMON_BLOCKS = YES;
				GCC_WARN_64_TO_32_BIT_CONVERSION = YES;
				GCC_WARN_ABOUT_RETURN_TYPE = YES_ERROR;
				GCC_WARN_UNDECLARED_SELECTOR = YES;
				GCC_WARN_UNINITIALIZED_AUTOS = YES_AGGRESSIVE;
				GCC_WARN_UNUSED_FUNCTION = YES;
				GCC_WARN_UNUSED_VARIABLE = YES;
				IPHONEOS_DEPLOYMENT_TARGET = 17.0;
				LOCALIZATION_PREFERS_STRING_CATALOGS = YES;
				MTL_ENABLE_DEBUG_INFO = NO;
				MTL_FAST_MATH = YES;
				SDKROOT = iphoneos;
				SWIFT_COMPILATION_MODE = wholemodule;
				VALIDATE_PRODUCT = YES;
			};
			name = Release;
		};
		31C97E6E2B755C2C00A69DF7 /* Debug */ = {
			isa = XCBuildConfiguration;
			buildSettings = {
				ASSETCATALOG_COMPILER_APPICON_NAME = Culinex;
				ASSETCATALOG_COMPILER_GLOBAL_ACCENT_COLOR_NAME = AccentColor;
				ASSETCATALOG_COMPILER_INCLUDE_ALL_APPICON_ASSETS = YES;
				CODE_SIGN_STYLE = Automatic;
				CURRENT_PROJECT_VERSION = 1;
				DEVELOPMENT_ASSET_PATHS = "\"Culinex/Preview Content\"";
				DEVELOPMENT_TEAM = 4AA9M7PY43;
				ENABLE_APP_SANDBOX = YES;
				ENABLE_HARDENED_RUNTIME = YES;
				ENABLE_OUTGOING_NETWORK_CONNECTIONS = YES;
				ENABLE_PREVIEWS = YES;
				ENABLE_RESOURCE_ACCESS_CAMERA = YES;
				GENERATE_INFOPLIST_FILE = YES;
				INFOPLIST_FILE = Culinex/Info.plist;
				INFOPLIST_KEY_CFBundleDisplayName = Culinex;
				INFOPLIST_KEY_LSApplicationCategoryType = "public.app-category.food-and-drink";
				INFOPLIST_KEY_NSCameraUsageDescription = "This app uses the camera to display augmented reality content.";
				INFOPLIST_KEY_UIApplicationSceneManifest_Generation = YES;
				INFOPLIST_KEY_UIApplicationSupportsIndirectInputEvents = YES;
				INFOPLIST_KEY_UILaunchScreen_Generation = YES;
				INFOPLIST_KEY_UISupportedInterfaceOrientations_iPad = "UIInterfaceOrientationPortrait UIInterfaceOrientationPortraitUpsideDown UIInterfaceOrientationLandscapeLeft UIInterfaceOrientationLandscapeRight";
				INFOPLIST_KEY_UISupportedInterfaceOrientations_iPhone = "UIInterfaceOrientationPortrait UIInterfaceOrientationLandscapeLeft UIInterfaceOrientationLandscapeRight";
				IPHONEOS_DEPLOYMENT_TARGET = 26.0;
				LD_RUNPATH_SEARCH_PATHS = (
					"$(inherited)",
					"@executable_path/Frameworks",
				);
				MACOSX_DEPLOYMENT_TARGET = 26.0;
				MARKETING_VERSION = 1.0;
				PRODUCT_BUNDLE_IDENTIFIER = online.edwinzhan.culinex;
				PRODUCT_NAME = "$(TARGET_NAME)";
				REGISTER_APP_GROUPS = YES;
				SUPPORTED_PLATFORMS = "iphoneos iphonesimulator macosx";
				SUPPORTS_MACCATALYST = NO;
				SUPPORTS_MAC_DESIGNED_FOR_IPHONE_IPAD = YES;
				SUPPORTS_XR_DESIGNED_FOR_IPHONE_IPAD = NO;
				SWIFT_EMIT_LOC_STRINGS = YES;
				SWIFT_VERSION = 5.0;
				TARGETED_DEVICE_FAMILY = 2;
			};
			name = Debug;
		};
		31C97E6F2B755C2C00A69DF7 /* Release */ = {
			isa = XCBuildConfiguration;
			buildSettings = {
				ASSETCATALOG_COMPILER_APPICON_NAME = Culinex;
				ASSETCATALOG_COMPILER_GLOBAL_ACCENT_COLOR_NAME = AccentColor;
				ASSETCATALOG_COMPILER_INCLUDE_ALL_APPICON_ASSETS = YES;
				CODE_SIGN_STYLE = Automatic;
				CURRENT_PROJECT_VERSION = 1;
				DEVELOPMENT_ASSET_PATHS = "\"Culinex/Preview Content\"";
				DEVELOPMENT_TEAM = 4AA9M7PY43;
				ENABLE_APP_SANDBOX = YES;
				ENABLE_HARDENED_RUNTIME = YES;
				ENABLE_OUTGOING_NETWORK_CONNECTIONS = YES;
				ENABLE_PREVIEWS = YES;
				ENABLE_RESOURCE_ACCESS_CAMERA = YES;
				GENERATE_INFOPLIST_FILE = YES;
				INFOPLIST_FILE = Culinex/Info.plist;
				INFOPLIST_KEY_CFBundleDisplayName = Culinex;
				INFOPLIST_KEY_LSApplicationCategoryType = "public.app-category.food-and-drink";
				INFOPLIST_KEY_NSCameraUsageDescription = "This app uses the camera to display augmented reality content.";
				INFOPLIST_KEY_UIApplicationSceneManifest_Generation = YES;
				INFOPLIST_KEY_UIApplicationSupportsIndirectInputEvents = YES;
				INFOPLIST_KEY_UILaunchScreen_Generation = YES;
				INFOPLIST_KEY_UISupportedInterfaceOrientations_iPad = "UIInterfaceOrientationPortrait UIInterfaceOrientationPortraitUpsideDown UIInterfaceOrientationLandscapeLeft UIInterfaceOrientationLandscapeRight";
				INFOPLIST_KEY_UISupportedInterfaceOrientations_iPhone = "UIInterfaceOrientationPortrait UIInterfaceOrientationLandscapeLeft UIInterfaceOrientationLandscapeRight";
				IPHONEOS_DEPLOYMENT_TARGET = 26.0;
				LD_RUNPATH_SEARCH_PATHS = (
					"$(inherited)",
					"@executable_path/Frameworks",
				);
				MACOSX_DEPLOYMENT_TARGET = 26.0;
				MARKETING_VERSION = 1.0;
				PRODUCT_BUNDLE_IDENTIFIER = online.edwinzhan.culinex;
				PRODUCT_NAME = "$(TARGET_NAME)";
				REGISTER_APP_GROUPS = YES;
				SUPPORTED_PLATFORMS = "iphoneos iphonesimulator macosx";
				SUPPORTS_MACCATALYST = NO;
				SUPPORTS_MAC_DESIGNED_FOR_IPHONE_IPAD = YES;
				SUPPORTS_XR_DESIGNED_FOR_IPHONE_IPAD = NO;
				SWIFT_EMIT_LOC_STRINGS = YES;
				SWIFT_VERSION = 5.0;
				TARGETED_DEVICE_FAMILY = 2;
			};
			name = Release;
		};
/* End XCBuildConfiguration section */

/* Begin XCConfigurationList section */
		31C97E582B755C2B00A69DF7 /* Build configuration list for PBXProject "Culinex" */ = {
			isa = XCConfigurationList;
			buildConfigurations = (
				31C97E6B2B755C2C00A69DF7 /* Debug */,
				31C97E6C2B755C2C00A69DF7 /* Release */,
			);
			defaultConfigurationIsVisible = 0;
			defaultConfigurationName = Release;
		};
		31C97E6D2B755C2C00A69DF7 /* Build configuration list for PBXNativeTarget "Culinex" */ = {
			isa = XCConfigurationList;
			buildConfigurations = (
				31C97E6E2B755C2C00A69DF7 /* Debug */,
				31C97E6F2B755C2C00A69DF7 /* Release */,
			);
			defaultConfigurationIsVisible = 0;
			defaultConfigurationName = Release;
		};
/* End XCConfigurationList section */
	};
	rootObject = 31C97E552B755C2B00A69DF7 /* Project object */;
}
